version = 1
revision = 3
requires-python = ">=3.15"

[[package]]
name = "cloudpickle"
version = "3.1.2"
source = { registry = "https://pypi.org/simple" }
sdist = { url = "https://files.pythonhosted.org/packages/27/fb/576f067976d320f5f0114a8d9fa1215425441bb35627b1993e5afd8111e5/cloudpickle-3.1.2.tar.gz", hash = "sha256:7fda9eb655c9c230dab534f1983763de5835249750e85fbcef43aaa30a9a2414", size = 22330, upload-time = "2025-11-03T09:25:26.604Z" }
wheels = [
    { url = "https://files.pythonhosted.org/packages/88/39/799be3f2f0f38cc727ee3b4f1445fe6d5e4133064ec2e4115069418a5bb6/cloudpickle-3.1.2-py3-none-any.whl", hash = "sha256:9acb47f6afd73f60dc1df93bb801b472f05ff42fa6c84167d25cb206be1fbf4a", size = 22228, upload-time = "2025-11-03T09:25:25.534Z" },
]

[[package]]
name = "codespell"
version = "2.4.3"
source = { registry = "https://pypi.org/simple" }
sdist = { url = "https://files.pythonhosted.org/packages/80/19/45e941380f69c042b43423513d201e6592346f992394347f5e7174c31407/codespell-2.4.3.tar.gz", hash = "sha256:cbe085e331227b37bb86ef8bddd08dc768c704ee9a07ca869852c093fa2793e2", size = 352773, upload-time = "2026-07-15T11:51:54.159Z" }
wheels = [
    { url = "https://files.pythonhosted.org/packages/8b/bf/bdb951d34eb169140b546f44be9ec4525d1acefb9eb5572071f5492b19fc/codespell-2.4.3-py3-none-any.whl", hash = "sha256:af2505b335e8573dbd2d384d1c4ef498f4006f4ba2d6fceca01e55b91f52628a", size = 340736, upload-time = "2026-07-15T11:51:52.925Z" },
]

[[package]]
name = "colorama"
version = "0.4.6"
source = { registry = "https://pypi.org/simple" }
sdist = { url = "https://files.pythonhosted.org/packages/d8/53/6f443c9a4a8358a93a6792e2acffb9d9d5cb0a5cfd8802644b7b1c9a02e4/colorama-0.4.6.tar.gz", hash = "sha256:08695f5cb7ed6e0531a20572697297273c47b8cae5a63ffc6d6ed5c201be6e44", size = 27697, upload-time = "2022-10-25T02:36:22.414Z" }
wheels = [
    { url = "https://files.pythonhosted.org/packages/d1/d6/3965ed04c63042e047cb6a3e6ed1a63a35087b6a609aa3a15ed8ac56c221/colorama-0.4.6-py2.py3-none-any.whl", hash = "sha256:4f1d9991f5acc0ca119f9d443620b77f9d6b33703e51011c16baf57afb285fc6", size = 25335, upload-time = "2022-10-25T02:36:20.889Z" },
]

[[package]]
name = "execnet"
version = "2.1.2"
source = { registry = "https://pypi.org/simple" }
sdist = { url = "https://files.pythonhosted.org/packages/bf/89/780e11f9588d9e7128a3f87788354c7946a9cbb1401ad38a48c4db9a4f07/execnet-2.1.2.tar.gz", hash = "sha256:63d83bfdd9a23e35b9c6a3261412324f964c2ec8dcd8d3c6916ee9373e0befcd", size = 166622, upload-time = "2025-11-12T09:56:37.75Z" }
wheels = [
    { url = "https://files.pythonhosted.org/packages/ab/84/02fc1827e8cdded4aa65baef11296a9bbe595c474f0d6d758af082d849fd/execnet-2.1.2-py3-none-any.whl", hash = "sha256:67fba928dd5a544b783f6056f449e5e3931a5c378b128bc18501f7ea79e296ec", size = 40708, upload-time = "2025-11-12T09:56:36.333Z" },
]

[[package]]
name = "hypothesis"
version = "6.165.2"
source = { registry = "https://pypi.org/simple" }
dependencies = [
    { name = "sortedcontainers" },
]
sdist = { url = "https://files.pythonhosted.org/packages/ea/73/fc3743243603dc49911a1ec073a3a524ea8e1c7d48218d3c2a3faa9a8709/hypothesis-6.165.2.tar.gz", hash = "sha256:680a1adf523ac792b46064f425b112ce6c08a7a8f50e65d08e029de6aa11df95", size = 502277, upload-time = "2026-08-05T21:32:43.713Z" }
wheels = [
    { url = "https://files.pythonhosted.org/packages/5c/63/46c9908fe7bd5ffa5002fa88fe289dfe6d3cea3fad1ab8942fe11f1c8a2b/hypothesis-6.165.2-cp310-abi3-macosx_10_12_x86_64.whl", hash = "sha256:33a7303566e660664f3f02ea1df85f7b966cd6723165c696996cfd8630913b3a", size = 781704, upload-time = "2026-08-05T21:32:03.548Z" },
    { url = "https://files.pythonhosted.org/packages/c5/7f/fdce62542a514f6b33c4fc0a760e6d17bb57602b28cb079b78e55b8ea32d/hypothesis-6.165.2-cp310-abi3-macosx_11_0_arm64.whl", hash = "sha256:06d8fe4c82a935f67e610c99848360f5caeb04f547c7d7a830a5c74fb96f053a", size = 777243, upload-time = "2026-08-05T21:32:17.546Z" },
    { url = "https://files.pythonhosted.org/packages/9e/c8/39cd922bf3e1ec84977b768d4e8be31ae051e3a6b400b4fdd7ebcddb1eed/hypothesis-6.165.2-cp310-abi3-manylinux_2_17_aarch64.manylinux2014_aarch64.whl", hash = "sha256:de2e3f6a6f75c876be481138c6c0802ebe10deef9f13ce1cdd6e0ed21d8e1e28", size = 1106492, upload-time = "2026-08-05T21:31:47.844Z" },
    { url = "https://files.pythonhosted.org/packages/0f/91/7bb502379a8dcc43f2538530c05cf16fd4e386afa587d65cc289484425cf/hypothesis-6.165.2-cp310-abi3-manylinux_2_17_armv7l.manylinux2014_armv7l.whl", hash = "sha256:21668cb5a8a694d45ff4c43f20a8fc577a47467b5102c680a43638b027136368", size = 1135105, upload-time = "2026-08-05T21:31:49.453Z" },
    { url = "https://files.pythonhosted.org/packages/e5/04/4ce8ae1bf78d09d7543ab7037a3beedc7f3d963c7aa04e82842415284689/hypothesis-6.165.2-cp310-abi3-manylinux_2_17_x86_64.manylinux2014_x86_64.whl", hash = "sha256:eea4ab5cfdd6c6a23a60777559ea06c34868234fff6542ff6125c0250429348e", size = 1156034, upload-time = "2026-08-05T21:31:44.687Z" },
    { url = "https://files.pythonhosted.org/packages/49/de/b074d899f4a04fa8b99a5bbd66f209c1c02bc21f9f87404539b28b99aff0/hypothesis-6.165.2-cp310-abi3-manylinux_2_31_riscv64.whl", hash = "sha256:0a6add02d9b3b73b59f4d69f5b15abbc07113cd335cc140815cec2877e6b496c", size = 1111344, upload-time = "2026-08-05T21:32:27.211Z" },
    { url = "https://files.pythonhosted.org/packages/e8/38/5a8514683a181f82a8ad9f6d084b704fea7a97c9814033939fc493b55fca/hypothesis-6.165.2-cp310-abi3-manylinux_2_5_i686.manylinux1_i686.whl", hash = "sha256:11013896b6a2ed497079558cb9f89e8b3b564f8859782b38f72cfc1dbeca66ad", size = 1148115, upload-time = "2026-08-05T21:31:01.009Z" },
    { url = "https://files.pythonhosted.org/packages/88/c7/08cf7930d8bec7f1df971c948af2ccb5a402d5b8b19b306af655a603b180/hypothesis-6.165.2-cp310-abi3-musllinux_1_2_aarch64.whl", hash = "sha256:4ceabc69a95e761f381663c6452537fde12a2a6e0275e095b6822c0e0f3b1364", size = 1280321, upload-time = "2026-08-05T21:31:14.843Z" },
    { url = "https://files.pythonhosted.org/packages/c5/91/c9ebb7da3b6e06c47aecceb959cf7df6af75025663af543373c5692f97ac/hypothesis-6.165.2-cp310-abi3-musllinux_1_2_armv7l.whl", hash = "sha256:11e1ce261765ffa6acbaf540358426519ca4a5e46b825cf39b429c77c1895689", size = 1408134, upload-time = "2026-08-05T21:31:27.383Z" },
    { url = "https://files.pythonhosted.org/packages/ed/24/13c2fd9f253ba3a92d4aaa61ae45a8b130df57ab5bd6fc481e2aae520e36/hypothesis-6.165.2-cp310-abi3-musllinux_1_2_riscv64.whl", hash = "sha256:b0250099b2e55d72872319918aacc501110a182938a3d56bcae4a999bee5db08", size = 1280884, upload-time = "2026-08-05T21:32:00.188Z" },
    { url = "https://files.pythonhosted.org/packages/6e/fa/2820bdbe0660394544b9e120b03ea7020702d7fa5c76236166de6ababc9d/hypothesis-6.165.2-cp310-abi3-musllinux_1_2_x86_64.whl", hash = "sha256:96d02928d1a0b7d59e39fd8ada75f0b7d0377ff29f91c94109f92fc2dab9af74", size = 1322998, upload-time = "2026-08-05T21:31:24.373Z" },
    { url = "https://files.pythonhosted.org/packages/f0/24/38752794eb821f5c77da08523602003c344f3498fce09f20741cd5b5e29c/hypothesis-6.165.2-cp310-abi3-win32.whl", hash = "sha256:0f2044093c8244d73893e755a7fa53154b7eca57b37e1427d9b0d9948f6c2b3e", size = 667506, upload-time = "2026-08-05T21:32:10.547Z" },
    { url = "https://files.pythonhosted.org/packages/5f/71/b28f714a127017750e450d152aa4fbff51bd144c6840090d28b529b408d3/hypothesis-6.165.2-cp310-abi3-win_amd64.whl", hash = "sha256:2aa30716066e5ee7750e56b8f90cefaf4ed28c12b4b1d66cef40014fd3f95196", size = 673650, upload-time = "2026-08-05T21:31:25.726Z" },
]

[[package]]
name = "iniconfig"
version = "2.3.0"
source = { registry = "https://pypi.org/simple" }
sdist = { url = "https://files.pythonhosted.org/packages/72/34/14ca021ce8e5dfedc35312d08ba8bf51fdd999c576889fc2c24cb97f4f10/iniconfig-2.3.0.tar.gz", hash = "sha256:c76315c77db068650d49c5b56314774a7804df16fee4402c1f19d6d15d8c4730", size = 20503, upload-time = "2025-10-18T21:55:43.219Z" }
wheels = [
    { url = "https://files.pythonhosted.org/packages/cb/b1/3846dd7f199d53cb17f49cba7e651e9ce294d8497c8c150530ed11865bb8/iniconfig-2.3.0-py3-none-any.whl", hash = "sha256:f631c04d2c48c52b84d0d0549c99ff3859c98df65b3101406327ecc7d53fbf12", size = 7484, upload-time = "2025-10-18T21:55:41.639Z" },
]

[[package]]
name = "packaging"
version = "26.3"
source = { registry = "https://pypi.org/simple" }
sdist = { url = "https://files.pythonhosted.org/packages/7d/fa/3944b40b07da9ce895c0e6303a5ab7d53da063554f534556b134a54d6093/packaging-26.3.tar.gz", hash = "sha256:94edc256424af38762eb31306eed28beb9f0efc50a8837492c9d6fd6004aed79", size = 313412, upload-time = "2026-08-04T18:15:28.737Z" }
wheels = [
    { url = "https://files.pythonhosted.org/packages/63/34/ba1c580383c9eada3711951fef0795c80b829a078d72188184bcab9dd527/packaging-26.3-py3-none-any.whl", hash = "sha256:d7193f7c8e4e93f444fde0262bf90af30e16fa0ad0ad44cb553c87339b23cd1c", size = 129956, upload-time = "2026-08-04T18:15:27.159Z" },
]

[[package]]
name = "pluggy"
version = "1.6.0"
source = { registry = "https://pypi.org/simple" }
sdist = { url = "https://files.pythonhosted.org/packages/f9/e2/3e91f31a7d2b083fe6ef3fa267035b518369d9511ffab804f839851d2779/pluggy-1.6.0.tar.gz", hash = "sha256:7dcc130b76258d33b90f61b658791dede3486c3e6bfb003ee5c9bfb396dd22f3", size = 69412, upload-time = "2025-05-15T12:30:07.975Z" }
wheels = [
    { url = "https://files.pythonhosted.org/packages/54/20/4d324d65cc6d9205fabedc306948156824eb9f0ee1633355a8f7ec5c66bf/pluggy-1.6.0-py3-none-any.whl", hash = "sha256:e920276dd6813095e9377c0bc5566d94c932c33b27a3e3945d8389c374dd4746", size = 20538, upload-time = "2025-05-15T12:30:06.134Z" },
]

[[package]]
name = "pygments"
version = "2.20.0"
source = { registry = "https://pypi.org/simple" }
sdist = { url = "https://files.pythonhosted.org/packages/c3/b2/bc9c9196916376152d655522fdcebac55e66de6603a76a02bca1b6414f6c/pygments-2.20.0.tar.gz", hash = "sha256:6757cd03768053ff99f3039c1a36d6c0aa0b263438fcab17520b30a303a82b5f", size = 4955991, upload-time = "2026-03-29T13:29:33.898Z" }
wheels = [
    { url = "https://files.pythonhosted.org/packages/f4/7e/a72dd26f3b0f4f2bf1dd8923c85f7ceb43172af56d63c7383eb62b332364/pygments-2.20.0-py3-none-any.whl", hash = "sha256:81a9e26dd42fd28a23a2d169d86d7ac03b46e2f8b59ed4698fb4785f946d0176", size = 1231151, upload-time = "2026-03-29T13:29:30.038Z" },
]

[[package]]
name = "pyspellchecker"
version = "0.9.0"
source = { registry = "https://pypi.org/simple" }
sdist = { url = "https://files.pythonhosted.org/packages/b9/70/58443d052adb868fee9fafb26553d482f2cc4d7c5ed5bb46846a7ce62a01/pyspellchecker-0.9.0.tar.gz", hash = "sha256:eb1a594161c84a4e67df7db1c269a3392a645bd50e4c82e1298892db0cdb0965", size = 7239784, upload-time = "2026-03-07T17:14:53.219Z" }
wheels = [
    { url = "https://files.pythonhosted.org/packages/11/70/df4b8816f5e1aa8b46fbc2b1d104d8f5bc13ec92fb69310b35bc56ea7260/pyspellchecker-0.9.0-py3-none-any.whl", hash = "sha256:97eaed776e0854f69aafb723f6962b403099e50c9a1d9c05525c819f4b0f5d54", size = 7237077, upload-time = "2026-03-07T17:14:51.444Z" },
]

[[package]]
name = "pytest"
version = "9.1.1"
source = { registry = "https://pypi.org/simple" }
dependencies = [
    { name = "colorama", marker = "sys_platform == 'win32'" },
    { name = "iniconfig" },
    { name = "packaging" },
    { name = "pluggy" },
    { name = "pygments" },
]
sdist = { url = "https://files.pythonhosted.org/packages/e4/47/b9efed96c114afcfa3c9d3fe98a76a1d14c74a9e266d397cf6eb64be5e01/pytest-9.1.1.tar.gz", hash = "sha256:1088fbde8f2b49d95a549a195707afa7a76a3ce9bcadc26b6d71f0ffda5fe313", size = 1636369, upload-time = "2026-06-19T10:58:32.857Z" }
wheels = [
    { url = "https://files.pythonhosted.org/packages/24/25/1de2678b631f5a49215c6c96fff41ba892b0a34df68d6d80292b1b48aa7f/pytest-9.1.1-py3-none-any.whl", hash = "sha256:37a86b45efb9a47a61a36449063e8e18d0cab3161329fc099eb21783169c4f0c", size = 386536, upload-time = "2026-06-19T10:58:31.347Z" },
]

[[package]]
name = "pytest-xdist"
version = "3.8.0"
source = { registry = "https://pypi.org/simple" }
dependencies = [
    { name = "execnet" },
    { name = "pytest" },
]
sdist = { url = "https://files.pythonhosted.org/packages/78/b4/439b179d1ff526791eb921115fca8e44e596a13efeda518b9d845a619450/pytest_xdist-3.8.0.tar.gz", hash = "sha256:7e578125ec9bc6050861aa93f2d59f1d8d085595d6551c2c90b6f4fad8d3a9f1", size = 88069, upload-time = "2025-07-01T13:30:59.346Z" }
wheels = [
    { url = "https://files.pythonhosted.org/packages/ca/31/d4e37e9e550c2b92a9cbc2e4d0b7420a27224968580b5a447f420847c975/pytest_xdist-3.8.0-py3-none-any.whl", hash = "sha256:202ca578cfeb7370784a8c33d6d05bc6e13b4f25b5053c30a152269fd10f0b88", size = 46396, upload-time = "2025-07-01T13:30:56.632Z" },
]

[[package]]
name = "ruff"
version = "0.16.2"
source = { registry = "https://pypi.org/simple" }
sdist = { url = "https://files.pythonhosted.org/packages/73/e1/4508a569211b35599016e84ba65c1a992b7a4004b4b6c4bea02a851cba1b/ruff-0.16.2.tar.gz", hash = "sha256:c3d7828d12e8927a6fc65fe38e2c2541b9e762d360a1786d752cb1b8883b3c9c", size = 4885811, upload-time = "2026-08-07T13:31:01.432Z" }
wheels = [
    { url = "https://files.pythonhosted.org/packages/14/57/db19951540f98859c956b50bdb4d31089b4d91e9f15e2968e7d5193806d5/ruff-0.16.2-py3-none-linux_armv6l.whl", hash = "sha256:3c8de4cf2181f01d57946d87d777aa52916976fc09942aed89938fab5e013318", size = 10847925, upload-time = "2026-08-07T13:30:14.468Z" },
    { url = "https://files.pythonhosted.org/packages/13/5a/995fe85a8470d3e391ac0f7fa8054bb454eaf33ee138196d6172ed1079c0/ruff-0.16.2-py3-none-macosx_10_12_x86_64.whl", hash = "sha256:9a48cc05c6fbc811ca81b5d7ba95375affea6582d1b8024e455e41afbbf55344", size = 11072662, upload-time = "2026-08-07T13:30:18.143Z" },
    { url = "https://files.pythonhosted.org/packages/32/53/370d767c61c71a971a4ace36703a7ecd8c393956349a7325d7fab2b56827/ruff-0.16.2-py3-none-macosx_11_0_arm64.whl", hash = "sha256:a2c0d14fcbb26c91f0f867a6dc9bd71bbc30b1b6151829c884f23faeab2e5700", size = 10566771, upload-time = "2026-08-07T13:30:20.899Z" },
    { url = "https://files.pythonhosted.org/packages/85/d6/9d96948caf5a632be62d62202d5ec914d6856f204fd79eb036e5915e79ea/ruff-0.16.2-py3-none-manylinux_2_17_aarch64.manylinux2014_aarch64.whl", hash = "sha256:335c621622c4650330be50842561c6586ac6971bb8ab5407fe34dcc9efb16bbe", size = 10975825, upload-time = "2026-08-07T13:30:23.517Z" },
    { url = "https://files.pythonhosted.org/packages/3b/92/ea87129b3414acb0b5770563779c51804d37ac67675c7ba35447ddb14773/ruff-0.16.2-py3-none-manylinux_2_17_armv7l.manylinux2014_armv7l.whl", hash = "sha256:20e66910f2c37cc753f9ef6580c914a621b80c4fa3549d3e3521e29d0f5bfc3f", size = 10649437, upload-time = "2026-08-07T13:30:26.097Z" },
    { url = "https://files.pythonhosted.org/packages/ac/43/f8f291dcd4af5bb7872b74fdfa41a7cd7c856ca1d4069670971cf1b9f5cb/ruff-0.16.2-py3-none-manylinux_2_17_i686.manylinux2014_i686.whl", hash = "sha256:c7e36fbfba65510548156902bcf1350a979a958ce0347ce0f90d73894036b39f", size = 11446761, upload-time = "2026-08-07T13:30:28.752Z" },
    { url = "https://files.pythonhosted.org/packages/71/4a/ef991fb2fcf516ab71f0808adcdd8da5e18c8cde447f4ceaf5f47a5132a5/ruff-0.16.2-py3-none-manylinux_2_17_ppc64le.manylinux2014_ppc64le.whl", hash = "sha256:f0eab35f80df8f134aae5d1630e751901321d317cc8e50dc39e36fa3ed34cd12", size = 12336364, upload-time = "2026-08-07T13:30:31.468Z" },
    { url = "https://files.pythonhosted.org/packages/f3/24/f615e74f307e6ca0e56a482872477b856c70d530aa356abfb6dfe5ca8a80/ruff-0.16.2-py3-none-manylinux_2_17_s390x.manylinux2014_s390x.whl", hash = "sha256:40ea8c0594feb894e89c8c61ab9c103d38b0ea72dfde6c594107147ca31b1140", size = 11630720, upload-time = "2026-08-07T13:30:34.426Z" },
    { url = "https://files.pythonhosted.org/packages/c5/d3/8ef50149e8412a77f7ab409efdef0e2b23803707a3863da4fc64cb23d459/ruff-0.16.2-py3-none-manylinux_2_17_x86_64.manylinux2014_x86_64.whl", hash = "sha256:ab3d62dde0b19facdd632008cc4827fc28ada7736c6bd35ab6f1050f0bfed53f", size = 11466130, upload-time = "2026-08-07T13:30:36.958Z" },
    { url = "https://files.pythonhosted.org/packages/dd/a7/a19334985c4dea8c381981fa252cd854c7ee52dc4b1686dc16f4a911c702/ruff-0.16.2-py3-none-manylinux_2_31_riscv64.whl", hash = "sha256:e43e1f5b8388da9eca1b9e88328d47a5cec794633ccf6f7484ac2dd15eee92c0", size = 11523634, upload-time = "2026-08-07T13:30:39.822Z" },
    { url = "https://files.pythonhosted.org/packages/6e/6c/96d192b0e742412ceda08c0a50f9669b253dde9fd6a60ea1a10c9fa79a63/ruff-0.16.2-py3-none-musllinux_1_2_aarch64.whl", hash = "sha256:c24788a980581e1d7ea3a0cbe4344c4fbeb0a6a9b1f4713aa46bb104f8294690", size = 10949807, upload-time = "2026-08-07T13:30:42.745Z" },
    { url = "https://files.pythonhosted.org/packages/fa/51/e26599ceca11e79ee255c7df515995561edf87e9ca1893284e44d98f5a86/ruff-0.16.2-py3-none-musllinux_1_2_armv7l.whl", hash = "sha256:81806b08329130005dd4a8a8394a0c9da8c6f4cafb16ba438d2a2ee6a18bedf1", size = 10646891, upload-time = "2026-08-07T13:30:45.522Z" },
    { url = "https://files.pythonhosted.org/packages/68/01/800c4b1f97bc8d7c6029e06b1f20473a3cf1e13c4933d8f3342add83fc55/ruff-0.16.2-py3-none-musllinux_1_2_i686.whl", hash = "sha256:4ce4e02bad779bef557f541a1b31f20d6abeae1cc05ed1b1ac019d4ffd1044c8", size = 11162063, upload-time = "2026-08-07T13:30:48.131Z" },
    { url = "https://files.pythonhosted.org/packages/e4/d0/1477ea50fc5a0d4b0b71d1d63d50770bdd794d90b43e37a7618e63ec9894/ruff-0.16.2-py3-none-musllinux_1_2_x86_64.whl", hash = "sha256:e0422abdf70070255fc4073ce9dfc814cc03db577013761ddd09bc1e4a9a4fbd", size = 11556038, upload-time = "2026-08-07T13:30:50.686Z" },
    { url = "https://files.pythonhosted.org/packages/b8/76/a7776f32048d991e16d4fa8ff91790b877342d3596cc3ed04acdbf1aaedc/ruff-0.16.2-py3-none-win32.whl", hash = "sha256:bf3a63d78fb39f4bf5ac8ae52051c5520505301abe19ba4e204c453b3f09bb0b", size = 10872850, upload-time = "2026-08-07T13:30:53.471Z" },
    { url = "https://files.pythonhosted.org/packages/00/0d/929c800d920e61397d82a01b60bffc68da3052c17d31de59efaad2e4ed75/ruff-0.16.2-py3-none-win_amd64.whl", hash = "sha256:bcabe2f6d0fc7819f1431793005af4e4de7371927d037345bf941252b195b9fa", size = 12023338, upload-time = "2026-08-07T13:30:56.193Z" },
    { url = "https://files.pythonhosted.org/packages/5b/6c/93e26c22c5f78ff87363e07da49c84955affbeb1098bd1936bf3b3f293bf/ruff-0.16.2-py3-none-win_arm64.whl", hash = "sha256:d614e95cedf38a2053fd351c55b103ba30d017d61688fdbfd40ee0412852a99f", size = 11374065, upload-time = "2026-08-07T13:30:58.775Z" },
]

[[package]]
name = "sortedcontainers"
version = "2.4.0"
source = { registry = "https://pypi.org/simple" }
sdist = { url = "https://files.pythonhosted.org/packages/e8/c4/ba2f8066cceb6f23394729afe52f3bf7adec04bf9ed2c820b39e19299111/sortedcontainers-2.4.0.tar.gz", hash = "sha256:25caa5a06cc30b6b83d11423433f65d1f9d76c4c6a0c90e3379eaa43b9bfdb88", size = 30594, upload-time = "2021-05-16T22:03:42.897Z" }
wheels = [
    { url = "https://files.pythonhosted.org/packages/32/46/9cb0e58b2deb7f82b84065f37f3bffeb12413f947f9388e4cac22c4621ce/sortedcontainers-2.4.0-py2.py3-none-any.whl", hash = "sha256:a163dcaede0f1c021485e957a39245190e74249897e2ae4b2aa38595db237ee0", size = 29575, upload-time = "2021-05-16T22:03:41.177Z" },
]

[[package]]
name = "stateless"
version = "0.6.1"
source = { registry = "https://pypi.org/simple" }
dependencies = [
    { name = "cloudpickle" },
    { name = "typing-extensions" },
]
sdist = { url = "https://files.pythonhosted.org/packages/7f/54/e5f8d6d30a7ce5cf1978a46b15c470650520ddc16f720b7bc7888321175a/stateless-0.6.1.tar.gz", hash = "sha256:42ac189f571ad4677d0fc1b40888800c6fd1416d00b1a2aebe90e07a5b459139", size = 47489, upload-time = "2025-11-11T13:42:48.696Z" }
wheels = [
    { url = "https://files.pythonhosted.org/packages/79/ec/c134f9e7e28274c76253d104c93c6195c3d68cad7b7c4f9bd828aac529cd/stateless-0.6.1-py3-none-any.whl", hash = "sha256:2676f879b60fcedb404bdf898d32fb2e380e1aea03433f84df1ae4c6ec663d0d", size = 22287, upload-time = "2025-11-11T13:42:47.541Z" },
]

[[package]]
name = "thinking-in-python"
version = "0"
source = { virtual = "." }

[package.dev-dependencies]
dev = [
    { name = "codespell" },
    { name = "hypothesis" },
    { name = "pyspellchecker" },
    { name = "pytest" },
    { name = "pytest-xdist" },
    { name = "ruff" },
    { name = "stateless" },
    { name = "time-machine" },
    { name = "ty" },
]

[package.metadata]

[package.metadata.requires-dev]
dev = [
    { name = "codespell", specifier = ">=2.4.2" },
    { name = "hypothesis", specifier = ">=6.155.7" },
    { name = "pyspellchecker" },
    { name = "pytest" },
    { name = "pytest-xdist" },
    { name = "ruff" },
    { name = "stateless", specifier = ">=0.6.1" },
    { name = "time-machine" },
    { name = "ty" },
]

[[package]]
name = "time-machine"
version = "3.3.1"
source = { registry = "https://pypi.org/simple" }
sdist = { url = "https://files.pythonhosted.org/packages/e9/ec/c3eec78128d54e3c0ba872472f890c5395de38801187b17008f71dc7bb56/time_machine-3.3.1.tar.gz", hash = "sha256:83dd00ca0492bf14dc3b0ea4182483f5385d0e117c2a81c16311aab10a6c112f", size = 19481, upload-time = "2026-08-04T08:50:38.996Z" }

[[package]]
name = "ty"
version = "0.0.69"
source = { registry = "https://pypi.org/simple" }
sdist = { url = "https://files.pythonhosted.org/packages/8e/5b/7a618632dfe9373b7df572ecd7a08c8f799d772fbc317da82dd3aa363207/ty-0.0.69.tar.gz", hash = "sha256:b65106e9ff24fa76e25e1142fb09c85244e815c40450e3021d2bf652c231bb43", size = 6565094, upload-time = "2026-08-06T10:04:25.667Z" }
wheels = [
    { url = "https://files.pythonhosted.org/packages/06/60/6534092f4d2c15e2491807edd609c2e50d527c1fed957acf40b9f110b64a/ty-0.0.69-py3-none-linux_armv6l.whl", hash = "sha256:98bfd383b273540829af673e7f98b9c1c4bcc8547d12a1a3806cd0bec7f0e087", size = 12364185, upload-time = "2026-08-06T10:03:47.137Z" },
    { url = "https://files.pythonhosted.org/packages/34/2b/5c29689bd4f74c2e3394d983d85e4011b629f2ce3730c9442553b8554bf8/ty-0.0.69-py3-none-macosx_10_12_x86_64.whl", hash = "sha256:964621ddd05771660017c51b4e74078d861d9fc863c21ef2a500db1ab62c9ccf", size = 12042510, upload-time = "2026-08-06T10:03:49.481Z" },
    { url = "https://files.pythonhosted.org/packages/09/46/fa085bde4d23516d7ef14b24736fc5dd7dc498f60f52b3d077e59ffdea20/ty-0.0.69-py3-none-macosx_11_0_arm64.whl", hash = "sha256:3ffea4048dd0da4c9c97393b4be0901098a9065b06fa81be2477cbde65d8a151", size = 11549397, upload-time = "2026-08-06T10:03:51.747Z" },
    { url = "https://files.pythonhosted.org/packages/25/cc/97b9efb2061dcab6fef1e94a4ad99df0bb45bd2cc15d4f5794c787ee0552/ty-0.0.69-py3-none-manylinux_2_17_aarch64.manylinux2014_aarch64.whl", hash = "sha256:a8684d4a70aadd1eab0f41bdba835e3288ef49db8402a8e6ca81bab52ed5d610", size = 12115567, upload-time = "2026-08-06T10:03:53.79Z" },
    { url = "https://files.pythonhosted.org/packages/e0/c1/a5e0404965093835f3e62544e661784ec0aa8ef0b006ed50af50b19c107e/ty-0.0.69-py3-none-manylinux_2_17_armv7l.manylinux2014_armv7l.whl", hash = "sha256:afaaba240ab4122e2069a796836d10be81b4ddb053ae268b3dff962a0b4ca5c7", size = 12149770, upload-time = "2026-08-06T10:03:55.993Z" },
    { url = "https://files.pythonhosted.org/packages/e2/39/8cad6b205a4abe8a044ca0c84aea71e8ccda29b07a75a5f090e310605580/ty-0.0.69-py3-none-manylinux_2_17_i686.manylinux2014_i686.whl", hash = "sha256:11ea63ef07d4e33aeb1a775cf5f2c736b3ed22fa6f8b1b608591612c36795044", size = 12941278, upload-time = "2026-08-06T10:03:58.324Z" },
    { url = "https://files.pythonhosted.org/packages/d6/8b/8766d96b732c2a060d70dc8ccafcc4d6a54109a2a95f1deb0705de88892b/ty-0.0.69-py3-none-manylinux_2_17_ppc64le.manylinux2014_ppc64le.whl", hash = "sha256:cb3730b1268e92a2907d7aea3afe8dd1b360ae65862f0557080cf479d481b424", size = 13426509, upload-time = "2026-08-06T10:04:00.621Z" },
    { url = "https://files.pythonhosted.org/packages/02/1f/e991b2cde953ea5b94d6a9a4c45c87937bd916bc09235f764407bf471c0a/ty-0.0.69-py3-none-manylinux_2_17_s390x.manylinux2014_s390x.whl", hash = "sha256:a544ff57a752ef186ed40b5a2f44c17402af4cdefeb74a311ca02ebd57c4fca0", size = 13106582, upload-time = "2026-08-06T10:04:02.818Z" },
    { url = "https://files.pythonhosted.org/packages/ea/bb/73538f1b99e3558fd9db87b98698426f0f60fc8666da0b1efd0e70e275eb/ty-0.0.69-py3-none-manylinux_2_17_x86_64.manylinux2014_x86_64.whl", hash = "sha256:87ed2cbca20caddfdf8e3e14d213ce91b67e75feed78900f4aaf3ef884954028", size = 12708931, upload-time = "2026-08-06T10:04:05.233Z" },
    { url = "https://files.pythonhosted.org/packages/87/cd/484a5208d74c4ad1155933906295ccdce9aa81a257d8df2ab9e41bd60133/ty-0.0.69-py3-none-manylinux_2_31_riscv64.whl", hash = "sha256:2684efcbce5b6fe45045faf610b377b50781b6d2aa7e61ea23ecf5b3d2bce421", size = 12985322, upload-time = "2026-08-06T10:04:07.587Z" },
    { url = "https://files.pythonhosted.org/packages/6e/81/b75003f0d4da9ab3bc8fd4f4802f836cb9921ff7e70f460604f7b769a0b5/ty-0.0.69-py3-none-musllinux_1_2_aarch64.whl", hash = "sha256:da9aeb26fdac1d2214937542b59e0d4d1ba94ec7a3f45444f33c846de1eb1d63", size = 12063910, upload-time = "2026-08-06T10:04:09.835Z" },
    { url = "https://files.pythonhosted.org/packages/8a/76/088469f547ef63dceefc4a75826aedee5014f9371dc5171cde931896a82c/ty-0.0.69-py3-none-musllinux_1_2_armv7l.whl", hash = "sha256:00e7677cd14ede381f705f71104ea7b8ea0ce217a8634e19a89781953de0e9ad", size = 12166823, upload-time = "2026-08-06T10:04:12.114Z" },
    { url = "https://files.pythonhosted.org/packages/0a/c9/ce88a0bec0d46d8ae180b99c6ec014866fecc4cba1727b5feec8877b2765/ty-0.0.69-py3-none-musllinux_1_2_i686.whl", hash = "sha256:d91965eb799649833d0d6042db09cd03d15289125245337cc46a2606effb7bda", size = 12483136, upload-time = "2026-08-06T10:04:14.33Z" },
    { url = "https://files.pythonhosted.org/packages/63/9e/6fae0ff225a0012642cf72c077e20f8f448c0a80771bc3360e8178fe2f32/ty-0.0.69-py3-none-musllinux_1_2_x86_64.whl", hash = "sha256:1f03359cd8e5c412aa0c181118fa9b9061a4dddaedbb61bac0a424fb0814d402", size = 12799025, upload-time = "2026-08-06T10:04:16.445Z" },
    { url = "https://files.pythonhosted.org/packages/e4/43/78a658d18b2a4ccf35b053392f2213bf12e3c63b2abea512d3b6751d1f4c/ty-0.0.69-py3-none-win32.whl", hash = "sha256:ec460e01586b1eb91894c4a8403bee3e045a47e7a4ada943cc27ce8e348e88cf", size = 11787774, upload-time = "2026-08-06T10:04:18.622Z" },
    { url = "https://files.pythonhosted.org/packages/3a/5e/88db1f674403f2b81316a853a44a81ed220621fa96f8f7ae586fb6ca7513/ty-0.0.69-py3-none-win_amd64.whl", hash = "sha256:18976ca26a4e28fc3249477f79a695d5502e670803f2e080d89ac905baef3c6e", size = 12864038, upload-time = "2026-08-06T10:04:20.748Z" },
    { url = "https://files.pythonhosted.org/packages/4d/7b/6fc6efd00c69103d70f2bdbe824343089cd70b17b3079170057d3e5a3ac0/ty-0.0.69-py3-none-win_arm64.whl", hash = "sha256:7d4ca3bb74d91cb9947ba3f3b4cb131ad6a2b3ecc76d34040c4ec6092d2e411d", size = 12196693, upload-time = "2026-08-06T10:04:22.902Z" },
]

[[package]]
name = "typing-extensions"
version = "4.16.0"
source = { registry = "https://pypi.org/simple" }
sdist = { url = "https://files.pythonhosted.org/packages/f6/cc/6253133b5bb138fc3306cebfbda2c520f545d36b5be2c7255cc528bb45d6/typing_extensions-4.16.0.tar.gz", hash = "sha256:dc983d19a509c94dba722ee6abd33940f7c05a89e243c47e907eb4db6f1a43e5", size = 113555, upload-time = "2026-07-02T08:40:05.92Z" }
wheels = [
    { url = "https://files.pythonhosted.org/packages/49/d3/b8441a820a491ddfc024b0b0cf0393375b75ea13866d9c66727e54c2fc80/typing_extensions-4.16.0-py3-none-any.whl", hash = "sha256:481caa481374e813c1b176ada14e97f1f67a4539ce9cfeb3f350d78d6370c2e8", size = 45571, upload-time = "2026-07-02T08:40:04.659Z" },
]
