version = 1
revision = 3
requires-python = ">=3.15"

[[package]]
name = "cloudpickle"
version = "3.1.2"
source = { registry = "https://pypi.org/simple" }
sdist = { url = "https://files.pythonhosted.org/packages/27/fb/576f067976d320f5f0114a8d9fa1215425441bb35627b1993e5afd8111e5/cloudpickle-3.1.2.tar.gz", hash = "sha256:7fda9eb655c9c230dab534f1983763de5835249750e85fbcef43aaa30a9a2414", size = 22330, upload-time = "2025-11-03T09:25:26.604Z" }
wheels = [
    { url = "https://files.pythonhosted.org/packages/88/39/799be3f2f0f38cc727ee3b4f1445fe6d5e4133064ec2e4115069418a5bb6/cloudpickle-3.1.2-py3-none-any.whl", hash = "sha256:9acb47f6afd73f60dc1df93bb801b472f05ff42fa6c84167d25cb206be1fbf4a", size = 22228, upload-time = "2025-11-03T09:25:25.534Z" },
]

[[package]]
name = "codespell"
version = "2.4.3"
source = { registry = "https://pypi.org/simple" }
sdist = { url = "https://files.pythonhosted.org/packages/80/19/45e941380f69c042b43423513d201e6592346f992394347f5e7174c31407/codespell-2.4.3.tar.gz", hash = "sha256:cbe085e331227b37bb86ef8bddd08dc768c704ee9a07ca869852c093fa2793e2", size = 352773, upload-time = "2026-07-15T11:51:54.159Z" }
wheels = [
    { url = "https://files.pythonhosted.org/packages/8b/bf/bdb951d34eb169140b546f44be9ec4525d1acefb9eb5572071f5492b19fc/codespell-2.4.3-py3-none-any.whl", hash = "sha256:af2505b335e8573dbd2d384d1c4ef498f4006f4ba2d6fceca01e55b91f52628a", size = 340736, upload-time = "2026-07-15T11:51:52.925Z" },
]

[[package]]
name = "colorama"
version = "0.4.6"
source = { registry = "https://pypi.org/simple" }
sdist = { url = "https://files.pythonhosted.org/packages/d8/53/6f443c9a4a8358a93a6792e2acffb9d9d5cb0a5cfd8802644b7b1c9a02e4/colorama-0.4.6.tar.gz", hash = "sha256:08695f5cb7ed6e0531a20572697297273c47b8cae5a63ffc6d6ed5c201be6e44", size = 27697, upload-time = "2022-10-25T02:36:22.414Z" }
wheels = [
    { url = "https://files.pythonhosted.org/packages/d1/d6/3965ed04c63042e047cb6a3e6ed1a63a35087b6a609aa3a15ed8ac56c221/colorama-0.4.6-py2.py3-none-any.whl", hash = "sha256:4f1d9991f5acc0ca119f9d443620b77f9d6b33703e51011c16baf57afb285fc6", size = 25335, upload-time = "2022-10-25T02:36:20.889Z" },
]

[[package]]
name = "execnet"
version = "2.1.2"
source = { registry = "https://pypi.org/simple" }
sdist = { url = "https://files.pythonhosted.org/packages/bf/89/780e11f9588d9e7128a3f87788354c7946a9cbb1401ad38a48c4db9a4f07/execnet-2.1.2.tar.gz", hash = "sha256:63d83bfdd9a23e35b9c6a3261412324f964c2ec8dcd8d3c6916ee9373e0befcd", size = 166622, upload-time = "2025-11-12T09:56:37.75Z" }
wheels = [
    { url = "https://files.pythonhosted.org/packages/ab/84/02fc1827e8cdded4aa65baef11296a9bbe595c474f0d6d758af082d849fd/execnet-2.1.2-py3-none-any.whl", hash = "sha256:67fba928dd5a544b783f6056f449e5e3931a5c378b128bc18501f7ea79e296ec", size = 40708, upload-time = "2025-11-12T09:56:36.333Z" },
]

[[package]]
name = "hypothesis"
version = "6.165.3"
source = { registry = "https://pypi.org/simple" }
dependencies = [
    { name = "sortedcontainers" },
]
sdist = { url = "https://files.pythonhosted.org/packages/18/7a/7a277ac07776191be594f74f6425649d529e4876f7d3ff1ee96d393ffdbc/hypothesis-6.165.3.tar.gz", hash = "sha256:687c5abb1a9c11478577c2cf18685c0eb82150d278477d3e14da290a1ef2a098", size = 502263, upload-time = "2026-08-11T01:23:09.1Z" }
wheels = [
    { url = "https://files.pythonhosted.org/packages/f9/c7/18152acad5f85f91554b2030000319b952a54151509953651ec40f37d50d/hypothesis-6.165.3-cp310-abi3-macosx_10_12_x86_64.whl", hash = "sha256:56af539c811b11ab5475704c300b8f0b46cc6dd0edc267e02a16487e803c77f8", size = 781671, upload-time = "2026-08-11T01:22:09.176Z" },
    { url = "https://files.pythonhosted.org/packages/d3/77/4293ea8a7fdb713956a8bf460b9070115df69f8216a900507633f9cdb225/hypothesis-6.165.3-cp310-abi3-macosx_11_0_arm64.whl", hash = "sha256:f40c10cfdb1ea2cd75e5d4e6e0cfdcb6198ab8406e8922666480e6dc11eea341", size = 777291, upload-time = "2026-08-11T01:22:15.991Z" },
    { url = "https://files.pythonhosted.org/packages/02/fa/fa2071a6afaefc082dc7a033f41ae61436caf442d5973ba8ca9c29a69460/hypothesis-6.165.3-cp310-abi3-manylinux_2_17_aarch64.manylinux2014_aarch64.whl", hash = "sha256:7a0854b1de4577f7e1beb1d681360285b5d678b65a809787ff4eab5b8b25efca", size = 1106490, upload-time = "2026-08-11T01:22:07.858Z" },
    { url = "https://files.pythonhosted.org/packages/ba/86/de724b7f9cd10e3be4efa21770457172e549d7576b1d8e29d6177eef5e47/hypothesis-6.165.3-cp310-abi3-manylinux_2_17_armv7l.manylinux2014_armv7l.whl", hash = "sha256:360991cda8e488924905af48949033b90d4877ac97b9ad5d826d4d0f5a4b8cfb", size = 1135054, upload-time = "2026-08-11T01:22:29.499Z" },
    { url = "https://files.pythonhosted.org/packages/12/6a/96721cf447bd3c64b5e6843dde4444b20f3ddd901ad366cc73d0e7314bf5/hypothesis-6.165.3-cp310-abi3-manylinux_2_17_x86_64.manylinux2014_x86_64.whl", hash = "sha256:bf502000f4a8ef4c9ab9493ca3b4fe17ae3033c18a8e2a31cdd69515dc7d97be", size = 1155997, upload-time = "2026-08-11T01:21:48.496Z" },
    { url = "https://files.pythonhosted.org/packages/0f/ae/a793cce6497f233b155f97684bf7d0e424c25613dd87b8af8a4e87820232/hypothesis-6.165.3-cp310-abi3-manylinux_2_31_riscv64.whl", hash = "sha256:b9fcf47ad18f87f7c15bd36289bd45708bbfd250129d73bf554653e2f9afc931", size = 1111326, upload-time = "2026-08-11T01:22:21.9Z" },
    { url = "https://files.pythonhosted.org/packages/28/8d/dc3cdfd55843d038effa2458a9c9bd73002218a8c0fd58c2c0ab7fa328db/hypothesis-6.165.3-cp310-abi3-manylinux_2_5_i686.manylinux1_i686.whl", hash = "sha256:2fb05529cbcab5a317d03d7bb0e90d382f79ef1643e3568577916d0e24bfe70b", size = 1148079, upload-time = "2026-08-11T01:21:51.071Z" },
    { url = "https://files.pythonhosted.org/packages/db/4b/2f62924ac41f3d3482b29ded4c213f27ff4a103e56e84eeb528d4900cac7/hypothesis-6.165.3-cp310-abi3-musllinux_1_2_aarch64.whl", hash = "sha256:57eae10a64340cd621a78eae9cb0459bd68ea99fbaa933c4f00e34d5087b6376", size = 1281862, upload-time = "2026-08-11T01:21:39.274Z" },
    { url = "https://files.pythonhosted.org/packages/7e/d4/01c78b7b7348b6e8cef9b999109dfb93b14c7e1e38bc22170129f8b17181/hypothesis-6.165.3-cp310-abi3-musllinux_1_2_armv7l.whl", hash = "sha256:19df0f2239052e9a870634a1d9bcdff95e2a2ab508573e5dd5c3d1ca545f5b3c", size = 1408437, upload-time = "2026-08-11T01:22:13.243Z" },
    { url = "https://files.pythonhosted.org/packages/35/76/e940b5a5aaf75bcd4784f1f3f9bf2b9a642a706bc0a9639077ca84f1325f/hypothesis-6.165.3-cp310-abi3-musllinux_1_2_riscv64.whl", hash = "sha256:9781a8026adff4b4516404cf0e5f2cadcb471318c2882a264e1c57c4c092266f", size = 1281168, upload-time = "2026-08-11T01:21:58.964Z" },
    { url = "https://files.pythonhosted.org/packages/fc/84/b153e81a614f45e0902e3b9e8a8b079e64214c50abb6fbe9acc62ccf686d/hypothesis-6.165.3-cp310-abi3-musllinux_1_2_x86_64.whl", hash = "sha256:1dd7e05f88e3e108a5e4f5f71a3eaf205559e8951e3c1f1ffd04cea82ed3b731", size = 1323263, upload-time = "2026-08-11T01:21:52.374Z" },
    { url = "https://files.pythonhosted.org/packages/fb/5f/e5144d9e91ab7260650cb1ee032ca23208d49ebb1334845baf6407c1a9d9/hypothesis-6.165.3-cp310-abi3-win32.whl", hash = "sha256:d1389bda38cb222acc109aef5b31643ce799a39a76294a50ad8b84e32f92d76d", size = 667499, upload-time = "2026-08-11T01:21:47.36Z" },
    { url = "https://files.pythonhosted.org/packages/a9/18/f008b6f1f1c293d51c2776f8815d95bccb777dcf87df2a0ab56b273b47dc/hypothesis-6.165.3-cp310-abi3-win_amd64.whl", hash = "sha256:10cda6988ca4b1da389548b6fdd71af236b588a601fc1757e56eb8988e4240d8", size = 673643, upload-time = "2026-08-11T01:22:46.975Z" },
]

[[package]]
name = "iniconfig"
version = "2.3.0"
source = { registry = "https://pypi.org/simple" }
sdist = { url = "https://files.pythonhosted.org/packages/72/34/14ca021ce8e5dfedc35312d08ba8bf51fdd999c576889fc2c24cb97f4f10/iniconfig-2.3.0.tar.gz", hash = "sha256:c76315c77db068650d49c5b56314774a7804df16fee4402c1f19d6d15d8c4730", size = 20503, upload-time = "2025-10-18T21:55:43.219Z" }
wheels = [
    { url = "https://files.pythonhosted.org/packages/cb/b1/3846dd7f199d53cb17f49cba7e651e9ce294d8497c8c150530ed11865bb8/iniconfig-2.3.0-py3-none-any.whl", hash = "sha256:f631c04d2c48c52b84d0d0549c99ff3859c98df65b3101406327ecc7d53fbf12", size = 7484, upload-time = "2025-10-18T21:55:41.639Z" },
]

[[package]]
name = "packaging"
version = "26.3"
source = { registry = "https://pypi.org/simple" }
sdist = { url = "https://files.pythonhosted.org/packages/7d/fa/3944b40b07da9ce895c0e6303a5ab7d53da063554f534556b134a54d6093/packaging-26.3.tar.gz", hash = "sha256:94edc256424af38762eb31306eed28beb9f0efc50a8837492c9d6fd6004aed79", size = 313412, upload-time = "2026-08-04T18:15:28.737Z" }
wheels = [
    { url = "https://files.pythonhosted.org/packages/63/34/ba1c580383c9eada3711951fef0795c80b829a078d72188184bcab9dd527/packaging-26.3-py3-none-any.whl", hash = "sha256:d7193f7c8e4e93f444fde0262bf90af30e16fa0ad0ad44cb553c87339b23cd1c", size = 129956, upload-time = "2026-08-04T18:15:27.159Z" },
]

[[package]]
name = "pluggy"
version = "1.6.0"
source = { registry = "https://pypi.org/simple" }
sdist = { url = "https://files.pythonhosted.org/packages/f9/e2/3e91f31a7d2b083fe6ef3fa267035b518369d9511ffab804f839851d2779/pluggy-1.6.0.tar.gz", hash = "sha256:7dcc130b76258d33b90f61b658791dede3486c3e6bfb003ee5c9bfb396dd22f3", size = 69412, upload-time = "2025-05-15T12:30:07.975Z" }
wheels = [
    { url = "https://files.pythonhosted.org/packages/54/20/4d324d65cc6d9205fabedc306948156824eb9f0ee1633355a8f7ec5c66bf/pluggy-1.6.0-py3-none-any.whl", hash = "sha256:e920276dd6813095e9377c0bc5566d94c932c33b27a3e3945d8389c374dd4746", size = 20538, upload-time = "2025-05-15T12:30:06.134Z" },
]

[[package]]
name = "pygments"
version = "2.20.0"
source = { registry = "https://pypi.org/simple" }
sdist = { url = "https://files.pythonhosted.org/packages/c3/b2/bc9c9196916376152d655522fdcebac55e66de6603a76a02bca1b6414f6c/pygments-2.20.0.tar.gz", hash = "sha256:6757cd03768053ff99f3039c1a36d6c0aa0b263438fcab17520b30a303a82b5f", size = 4955991, upload-time = "2026-03-29T13:29:33.898Z" }
wheels = [
    { url = "https://files.pythonhosted.org/packages/f4/7e/a72dd26f3b0f4f2bf1dd8923c85f7ceb43172af56d63c7383eb62b332364/pygments-2.20.0-py3-none-any.whl", hash = "sha256:81a9e26dd42fd28a23a2d169d86d7ac03b46e2f8b59ed4698fb4785f946d0176", size = 1231151, upload-time = "2026-03-29T13:29:30.038Z" },
]

[[package]]
name = "pyspellchecker"
version = "0.9.0"
source = { registry = "https://pypi.org/simple" }
sdist = { url = "https://files.pythonhosted.org/packages/b9/70/58443d052adb868fee9fafb26553d482f2cc4d7c5ed5bb46846a7ce62a01/pyspellchecker-0.9.0.tar.gz", hash = "sha256:eb1a594161c84a4e67df7db1c269a3392a645bd50e4c82e1298892db0cdb0965", size = 7239784, upload-time = "2026-03-07T17:14:53.219Z" }
wheels = [
    { url = "https://files.pythonhosted.org/packages/11/70/df4b8816f5e1aa8b46fbc2b1d104d8f5bc13ec92fb69310b35bc56ea7260/pyspellchecker-0.9.0-py3-none-any.whl", hash = "sha256:97eaed776e0854f69aafb723f6962b403099e50c9a1d9c05525c819f4b0f5d54", size = 7237077, upload-time = "2026-03-07T17:14:51.444Z" },
]

[[package]]
name = "pytest"
version = "9.1.1"
source = { registry = "https://pypi.org/simple" }
dependencies = [
    { name = "colorama", marker = "sys_platform == 'win32'" },
    { name = "iniconfig" },
    { name = "packaging" },
    { name = "pluggy" },
    { name = "pygments" },
]
sdist = { url = "https://files.pythonhosted.org/packages/e4/47/b9efed96c114afcfa3c9d3fe98a76a1d14c74a9e266d397cf6eb64be5e01/pytest-9.1.1.tar.gz", hash = "sha256:1088fbde8f2b49d95a549a195707afa7a76a3ce9bcadc26b6d71f0ffda5fe313", size = 1636369, upload-time = "2026-06-19T10:58:32.857Z" }
wheels = [
    { url = "https://files.pythonhosted.org/packages/24/25/1de2678b631f5a49215c6c96fff41ba892b0a34df68d6d80292b1b48aa7f/pytest-9.1.1-py3-none-any.whl", hash = "sha256:37a86b45efb9a47a61a36449063e8e18d0cab3161329fc099eb21783169c4f0c", size = 386536, upload-time = "2026-06-19T10:58:31.347Z" },
]

[[package]]
name = "pytest-xdist"
version = "3.8.0"
source = { registry = "https://pypi.org/simple" }
dependencies = [
    { name = "execnet" },
    { name = "pytest" },
]
sdist = { url = "https://files.pythonhosted.org/packages/78/b4/439b179d1ff526791eb921115fca8e44e596a13efeda518b9d845a619450/pytest_xdist-3.8.0.tar.gz", hash = "sha256:7e578125ec9bc6050861aa93f2d59f1d8d085595d6551c2c90b6f4fad8d3a9f1", size = 88069, upload-time = "2025-07-01T13:30:59.346Z" }
wheels = [
    { url = "https://files.pythonhosted.org/packages/ca/31/d4e37e9e550c2b92a9cbc2e4d0b7420a27224968580b5a447f420847c975/pytest_xdist-3.8.0-py3-none-any.whl", hash = "sha256:202ca578cfeb7370784a8c33d6d05bc6e13b4f25b5053c30a152269fd10f0b88", size = 46396, upload-time = "2025-07-01T13:30:56.632Z" },
]

[[package]]
name = "ruff"
version = "0.16.2"
source = { registry = "https://pypi.org/simple" }
sdist = { url = "https://files.pythonhosted.org/packages/73/e1/4508a569211b35599016e84ba65c1a992b7a4004b4b6c4bea02a851cba1b/ruff-0.16.2.tar.gz", hash = "sha256:c3d7828d12e8927a6fc65fe38e2c2541b9e762d360a1786d752cb1b8883b3c9c", size = 4885811, upload-time = "2026-08-07T13:31:01.432Z" }
wheels = [
    { url = "https://files.pythonhosted.org/packages/14/57/db19951540f98859c956b50bdb4d31089b4d91e9f15e2968e7d5193806d5/ruff-0.16.2-py3-none-linux_armv6l.whl", hash = "sha256:3c8de4cf2181f01d57946d87d777aa52916976fc09942aed89938fab5e013318", size = 10847925, upload-time = "2026-08-07T13:30:14.468Z" },
    { url = "https://files.pythonhosted.org/packages/13/5a/995fe85a8470d3e391ac0f7fa8054bb454eaf33ee138196d6172ed1079c0/ruff-0.16.2-py3-none-macosx_10_12_x86_64.whl", hash = "sha256:9a48cc05c6fbc811ca81b5d7ba95375affea6582d1b8024e455e41afbbf55344", size = 11072662, upload-time = "2026-08-07T13:30:18.143Z" },
    { url = "https://files.pythonhosted.org/packages/32/53/370d767c61c71a971a4ace36703a7ecd8c393956349a7325d7fab2b56827/ruff-0.16.2-py3-none-macosx_11_0_arm64.whl", hash = "sha256:a2c0d14fcbb26c91f0f867a6dc9bd71bbc30b1b6151829c884f23faeab2e5700", size = 10566771, upload-time = "2026-08-07T13:30:20.899Z" },
    { url = "https://files.pythonhosted.org/packages/85/d6/9d96948caf5a632be62d62202d5ec914d6856f204fd79eb036e5915e79ea/ruff-0.16.2-py3-none-manylinux_2_17_aarch64.manylinux2014_aarch64.whl", hash = "sha256:335c621622c4650330be50842561c6586ac6971bb8ab5407fe34dcc9efb16bbe", size = 10975825, upload-time = "2026-08-07T13:30:23.517Z" },
    { url = "https://files.pythonhosted.org/packages/3b/92/ea87129b3414acb0b5770563779c51804d37ac67675c7ba35447ddb14773/ruff-0.16.2-py3-none-manylinux_2_17_armv7l.manylinux2014_armv7l.whl", hash = "sha256:20e66910f2c37cc753f9ef6580c914a621b80c4fa3549d3e3521e29d0f5bfc3f", size = 10649437, upload-time = "2026-08-07T13:30:26.097Z" },
    { url = "https://files.pythonhosted.org/packages/ac/43/f8f291dcd4af5bb7872b74fdfa41a7cd7c856ca1d4069670971cf1b9f5cb/ruff-0.16.2-py3-none-manylinux_2_17_i686.manylinux2014_i686.whl", hash = "sha256:c7e36fbfba65510548156902bcf1350a979a958ce0347ce0f90d73894036b39f", size = 11446761, upload-time = "2026-08-07T13:30:28.752Z" },
    { url = "https://files.pythonhosted.org/packages/71/4a/ef991fb2fcf516ab71f0808adcdd8da5e18c8cde447f4ceaf5f47a5132a5/ruff-0.16.2-py3-none-manylinux_2_17_ppc64le.manylinux2014_ppc64le.whl", hash = "sha256:f0eab35f80df8f134aae5d1630e751901321d317cc8e50dc39e36fa3ed34cd12", size = 12336364, upload-time = "2026-08-07T13:30:31.468Z" },
    { url = "https://files.pythonhosted.org/packages/f3/24/f615e74f307e6ca0e56a482872477b856c70d530aa356abfb6dfe5ca8a80/ruff-0.16.2-py3-none-manylinux_2_17_s390x.manylinux2014_s390x.whl", hash = "sha256:40ea8c0594feb894e89c8c61ab9c103d38b0ea72dfde6c594107147ca31b1140", size = 11630720, upload-time = "2026-08-07T13:30:34.426Z" },
    { url = "https://files.pythonhosted.org/packages/c5/d3/8ef50149e8412a77f7ab409efdef0e2b23803707a3863da4fc64cb23d459/ruff-0.16.2-py3-none-manylinux_2_17_x86_64.manylinux2014_x86_64.whl", hash = "sha256:ab3d62dde0b19facdd632008cc4827fc28ada7736c6bd35ab6f1050f0bfed53f", size = 11466130, upload-time = "2026-08-07T13:30:36.958Z" },
    { url = "https://files.pythonhosted.org/packages/dd/a7/a19334985c4dea8c381981fa252cd854c7ee52dc4b1686dc16f4a911c702/ruff-0.16.2-py3-none-manylinux_2_31_riscv64.whl", hash = "sha256:e43e1f5b8388da9eca1b9e88328d47a5cec794633ccf6f7484ac2dd15eee92c0", size = 11523634, upload-time = "2026-08-07T13:30:39.822Z" },
    { url = "https://files.pythonhosted.org/packages/6e/6c/96d192b0e742412ceda08c0a50f9669b253dde9fd6a60ea1a10c9fa79a63/ruff-0.16.2-py3-none-musllinux_1_2_aarch64.whl", hash = "sha256:c24788a980581e1d7ea3a0cbe4344c4fbeb0a6a9b1f4713aa46bb104f8294690", size = 10949807, upload-time = "2026-08-07T13:30:42.745Z" },
    { url = "https://files.pythonhosted.org/packages/fa/51/e26599ceca11e79ee255c7df515995561edf87e9ca1893284e44d98f5a86/ruff-0.16.2-py3-none-musllinux_1_2_armv7l.whl", hash = "sha256:81806b08329130005dd4a8a8394a0c9da8c6f4cafb16ba438d2a2ee6a18bedf1", size = 10646891, upload-time = "2026-08-07T13:30:45.522Z" },
    { url = "https://files.pythonhosted.org/packages/68/01/800c4b1f97bc8d7c6029e06b1f20473a3cf1e13c4933d8f3342add83fc55/ruff-0.16.2-py3-none-musllinux_1_2_i686.whl", hash = "sha256:4ce4e02bad779bef557f541a1b31f20d6abeae1cc05ed1b1ac019d4ffd1044c8", size = 11162063, upload-time = "2026-08-07T13:30:48.131Z" },
    { url = "https://files.pythonhosted.org/packages/e4/d0/1477ea50fc5a0d4b0b71d1d63d50770bdd794d90b43e37a7618e63ec9894/ruff-0.16.2-py3-none-musllinux_1_2_x86_64.whl", hash = "sha256:e0422abdf70070255fc4073ce9dfc814cc03db577013761ddd09bc1e4a9a4fbd", size = 11556038, upload-time = "2026-08-07T13:30:50.686Z" },
    { url = "https://files.pythonhosted.org/packages/b8/76/a7776f32048d991e16d4fa8ff91790b877342d3596cc3ed04acdbf1aaedc/ruff-0.16.2-py3-none-win32.whl", hash = "sha256:bf3a63d78fb39f4bf5ac8ae52051c5520505301abe19ba4e204c453b3f09bb0b", size = 10872850, upload-time = "2026-08-07T13:30:53.471Z" },
    { url = "https://files.pythonhosted.org/packages/00/0d/929c800d920e61397d82a01b60bffc68da3052c17d31de59efaad2e4ed75/ruff-0.16.2-py3-none-win_amd64.whl", hash = "sha256:bcabe2f6d0fc7819f1431793005af4e4de7371927d037345bf941252b195b9fa", size = 12023338, upload-time = "2026-08-07T13:30:56.193Z" },
    { url = "https://files.pythonhosted.org/packages/5b/6c/93e26c22c5f78ff87363e07da49c84955affbeb1098bd1936bf3b3f293bf/ruff-0.16.2-py3-none-win_arm64.whl", hash = "sha256:d614e95cedf38a2053fd351c55b103ba30d017d61688fdbfd40ee0412852a99f", size = 11374065, upload-time = "2026-08-07T13:30:58.775Z" },
]

[[package]]
name = "sortedcontainers"
version = "2.4.0"
source = { registry = "https://pypi.org/simple" }
sdist = { url = "https://files.pythonhosted.org/packages/e8/c4/ba2f8066cceb6f23394729afe52f3bf7adec04bf9ed2c820b39e19299111/sortedcontainers-2.4.0.tar.gz", hash = "sha256:25caa5a06cc30b6b83d11423433f65d1f9d76c4c6a0c90e3379eaa43b9bfdb88", size = 30594, upload-time = "2021-05-16T22:03:42.897Z" }
wheels = [
    { url = "https://files.pythonhosted.org/packages/32/46/9cb0e58b2deb7f82b84065f37f3bffeb12413f947f9388e4cac22c4621ce/sortedcontainers-2.4.0-py2.py3-none-any.whl", hash = "sha256:a163dcaede0f1c021485e957a39245190e74249897e2ae4b2aa38595db237ee0", size = 29575, upload-time = "2021-05-16T22:03:41.177Z" },
]

[[package]]
name = "stateless"
version = "0.6.1"
source = { registry = "https://pypi.org/simple" }
dependencies = [
    { name = "cloudpickle" },
    { name = "typing-extensions" },
]
sdist = { url = "https://files.pythonhosted.org/packages/7f/54/e5f8d6d30a7ce5cf1978a46b15c470650520ddc16f720b7bc7888321175a/stateless-0.6.1.tar.gz", hash = "sha256:42ac189f571ad4677d0fc1b40888800c6fd1416d00b1a2aebe90e07a5b459139", size = 47489, upload-time = "2025-11-11T13:42:48.696Z" }
wheels = [
    { url = "https://files.pythonhosted.org/packages/79/ec/c134f9e7e28274c76253d104c93c6195c3d68cad7b7c4f9bd828aac529cd/stateless-0.6.1-py3-none-any.whl", hash = "sha256:2676f879b60fcedb404bdf898d32fb2e380e1aea03433f84df1ae4c6ec663d0d", size = 22287, upload-time = "2025-11-11T13:42:47.541Z" },
]

[[package]]
name = "thinking-in-python"
version = "0"
source = { virtual = "." }

[package.dev-dependencies]
dev = [
    { name = "codespell" },
    { name = "hypothesis" },
    { name = "pyspellchecker" },
    { name = "pytest" },
    { name = "pytest-xdist" },
    { name = "ruff" },
    { name = "stateless" },
    { name = "time-machine" },
    { name = "ty" },
]

[package.metadata]

[package.metadata.requires-dev]
dev = [
    { name = "codespell", specifier = ">=2.4.2" },
    { name = "hypothesis", specifier = ">=6.155.7" },
    { name = "pyspellchecker" },
    { name = "pytest" },
    { name = "pytest-xdist" },
    { name = "ruff" },
    { name = "stateless", specifier = ">=0.6.1" },
    { name = "time-machine" },
    { name = "ty" },
]

[[package]]
name = "time-machine"
version = "3.4.0"
source = { registry = "https://pypi.org/simple" }
sdist = { url = "https://files.pythonhosted.org/packages/f6/18/fba7dc699ddbd0a023e9a2e4ff55e90e09b4409bae707654801defa8f664/time_machine-3.4.0.tar.gz", hash = "sha256:f1c2d8c581f4be50e2f4ff3afd753f8157d52816560de284db716c2b6e9949a8", size = 21106, upload-time = "2026-08-10T22:25:26.837Z" }
wheels = [
    { url = "https://files.pythonhosted.org/packages/63/f4/c9b9bebc9f9a9b7b93486f217985d86c23d47dfc2193b30930295d7b4e17/time_machine-3.4.0-cp315-cp315-macosx_10_15_x86_64.whl", hash = "sha256:53879f1bef6afc5eb6d3a1a5bb9df52f6a5156b20c8dcea609c865c6e09a5e48", size = 21179, upload-time = "2026-08-10T22:25:09.6Z" },
    { url = "https://files.pythonhosted.org/packages/b4/e1/b370d6fa5b8cfb95c652387aefed0de119384eb0251117cb53ecfaec7f59/time_machine-3.4.0-cp315-cp315-macosx_11_0_arm64.whl", hash = "sha256:6161ec6ae1140a1d6400e69504492194988a1c8aa907e6b3da2ba6441c19d4a3", size = 21307, upload-time = "2026-08-10T22:25:10.602Z" },
    { url = "https://files.pythonhosted.org/packages/22/26/a8f81aa3f561904f6296e651a9a7389ded7a0a0c6ed3e3f7d5898d2f9372/time_machine-3.4.0-cp315-cp315-manylinux1_x86_64.manylinux_2_28_x86_64.manylinux_2_5_x86_64.whl", hash = "sha256:f413cc07e9745602d23dba5265d34366d97557100fd55a3b477c5c1be945a130", size = 53350, upload-time = "2026-08-10T22:25:11.541Z" },
    { url = "https://files.pythonhosted.org/packages/8e/88/4cc9a78c900a3ba0de84cd15fc95aa7d07797ecfd55a5a4ba7885d6faa24/time_machine-3.4.0-cp315-cp315-manylinux2014_aarch64.manylinux_2_17_aarch64.manylinux_2_28_aarch64.whl", hash = "sha256:ea8f7713052575c50a46c3c44c7acf3fffb4b36d2685802d9bf0e42662ed28eb", size = 54136, upload-time = "2026-08-10T22:25:12.598Z" },
    { url = "https://files.pythonhosted.org/packages/6e/3c/2a47e62d5b80b4d2846a726dcf6ca668150e0be69815e33eaff808536bb2/time_machine-3.4.0-cp315-cp315-musllinux_1_2_aarch64.whl", hash = "sha256:e0231d701687e18b519692496cb895885c0d48eaa1922ea808e3b8aa41e70ed4", size = 52811, upload-time = "2026-08-10T22:25:13.658Z" },
    { url = "https://files.pythonhosted.org/packages/7b/2d/8933307d0357561d2ce0c8d5583a2c931272b39dda0557ccbd87d3f2a2c2/time_machine-3.4.0-cp315-cp315-musllinux_1_2_x86_64.whl", hash = "sha256:3be51fd52d9df96a9df4a8fa3f0331f412d7f934f06a577a53481604bcb52dce", size = 52504, upload-time = "2026-08-10T22:25:14.707Z" },
    { url = "https://files.pythonhosted.org/packages/10/82/98e081d10dc8cae0fbd300ca70f18684a51430738415b0b0612eeceb2a85/time_machine-3.4.0-cp315-cp315-win_amd64.whl", hash = "sha256:97c7c71cc336580e37be1edbc85252c2dd0593f1c043ed1b81bd8fb9e24e54e3", size = 23425, upload-time = "2026-08-10T22:25:15.746Z" },
    { url = "https://files.pythonhosted.org/packages/24/8c/458b98472868a34ed5a7c6aba03aae2fef65b9e57604e5859ee7a34030d6/time_machine-3.4.0-cp315-cp315-win_arm64.whl", hash = "sha256:a8d69afa09a025b64a0e9418dca9d32254efd34588f95e81497b759d22a7cca9", size = 22610, upload-time = "2026-08-10T22:25:16.759Z" },
    { url = "https://files.pythonhosted.org/packages/3d/f2/2b11cf9165adda3fe76ef2e1b40c55e01ffd59db0972416e56c3068d9877/time_machine-3.4.0-cp315-cp315t-macosx_10_15_x86_64.whl", hash = "sha256:213e7ccbdb4395f69e7d1b5276e5c8f11fdb2707a848f7cfe3c1ac09e0656452", size = 21883, upload-time = "2026-08-10T22:25:17.722Z" },
    { url = "https://files.pythonhosted.org/packages/f5/1c/00cf4669a95d072d2ca4a75eafe0b6a58a9a4b85b932bf9c55816d1afe57/time_machine-3.4.0-cp315-cp315t-macosx_11_0_arm64.whl", hash = "sha256:56a053893c2716d56f7a0758a2ca55b8373dc7ff9e6c8a7e51e0d568f279d235", size = 22124, upload-time = "2026-08-10T22:25:18.73Z" },
    { url = "https://files.pythonhosted.org/packages/51/45/637512ef5cd9f263e0921d4c8465f4b5358ca109b41d6539ce26f8a5aafe/time_machine-3.4.0-cp315-cp315t-manylinux1_x86_64.manylinux_2_28_x86_64.manylinux_2_5_x86_64.whl", hash = "sha256:2022621d25a1ddba7dc6b80736338164df8f51d1d4f6f49f37f6b09324990bc3", size = 64515, upload-time = "2026-08-10T22:25:19.695Z" },
    { url = "https://files.pythonhosted.org/packages/b4/61/ea7386751ead6e668b999b6c5336c4736248cf52d2a482422a7ef8388192/time_machine-3.4.0-cp315-cp315t-manylinux2014_aarch64.manylinux_2_17_aarch64.manylinux_2_28_aarch64.whl", hash = "sha256:c60b330f0892922e9b554cc4576143e5254eefb0414d37a9fed400e10775df1a", size = 66749, upload-time = "2026-08-10T22:25:21.208Z" },
    { url = "https://files.pythonhosted.org/packages/53/8a/e2cea3c675656e2f55d2235b1d1963213fa58a66045828b90fb9f87cad3c/time_machine-3.4.0-cp315-cp315t-musllinux_1_2_aarch64.whl", hash = "sha256:7bcab0dbfc5cb383e98fb12b83844919ad4c2d9069858969b3511b194f962536", size = 65087, upload-time = "2026-08-10T22:25:22.421Z" },
    { url = "https://files.pythonhosted.org/packages/5e/37/d8de7791f40c0e24fea5ddb624c7845abc6af435b3b04d84950bc2fc9910/time_machine-3.4.0-cp315-cp315t-musllinux_1_2_x86_64.whl", hash = "sha256:8a33f6e733b6ecead64ec05458bcfe14fca34264e2154ae190e145cb876c77da", size = 63063, upload-time = "2026-08-10T22:25:23.643Z" },
    { url = "https://files.pythonhosted.org/packages/cb/a8/5be0904aa61051bd37af346f87ff289c43940433b98bd43573152e3228ee/time_machine-3.4.0-cp315-cp315t-win_amd64.whl", hash = "sha256:5ad7e43c180aad9f944225ef98d9d8b6482cf136ed6260efe43e4a0624e16ba4", size = 24533, upload-time = "2026-08-10T22:25:24.854Z" },
    { url = "https://files.pythonhosted.org/packages/e7/d1/5534b797baf238a0815fde6ce57438e4bdc2ce8917ed7da7c7c4dfac0cb3/time_machine-3.4.0-cp315-cp315t-win_arm64.whl", hash = "sha256:37248d78a69b5be2ecbeb4a23c3fc3b3a42c3b4a5d6a5c37f27a190e5ff32d0b", size = 22967, upload-time = "2026-08-10T22:25:25.859Z" },
]

[[package]]
name = "ty"
version = "0.0.70"
source = { registry = "https://pypi.org/simple" }
sdist = { url = "https://files.pythonhosted.org/packages/58/ed/38a8ab52f1d7c3ed701442a31b23ba774cbc5d6909f2c00da9e1f3c590f9/ty-0.0.70.tar.gz", hash = "sha256:a01bebc128b4081c16002965d906fccb21323d69bb709b9108c1f2406bcffced", size = 6601156, upload-time = "2026-08-10T23:20:26.268Z" }
wheels = [
    { url = "https://files.pythonhosted.org/packages/3d/c5/ddd6cc5657fd3da85591b264f4dabb1ce5e5b535e73fd5174991c294978b/ty-0.0.70-py3-none-linux_armv6l.whl", hash = "sha256:4fb2d2e55e2160c07152361be2e1a26fdd4f6261055731317d5972daf1749935", size = 12537215, upload-time = "2026-08-10T23:19:43.512Z" },
    { url = "https://files.pythonhosted.org/packages/8b/8a/acc9b34331cde81e0d63cda92d4db9e4042def5b1efa7d47431ff1d30d17/ty-0.0.70-py3-none-macosx_10_12_x86_64.whl", hash = "sha256:9b04d4c21cb029501c05598ca21e9c0829c0b2e35a7ceba1e5b78014c1e8104d", size = 12149070, upload-time = "2026-08-10T23:19:46.369Z" },
    { url = "https://files.pythonhosted.org/packages/fd/cd/51ac2708f4d077058a0bfeefa40d630883c5ec7a82fd2c15c86519140235/ty-0.0.70-py3-none-macosx_11_0_arm64.whl", hash = "sha256:c605ebf2643f5e64ec4bcb269640a1aa85966d29fa888fb746039c28570369b2", size = 11625729, upload-time = "2026-08-10T23:19:48.535Z" },
    { url = "https://files.pythonhosted.org/packages/b7/99/afc4fe7e630100dc782ff0cdc8c59c01acfb05299551ff0ef49c93814320/ty-0.0.70-py3-none-manylinux_2_17_aarch64.manylinux2014_aarch64.whl", hash = "sha256:0c38ea76e12909c29e18fcd295ff223b63f3701c1d1c34db2cdc9736340b9de2", size = 12204810, upload-time = "2026-08-10T23:19:51.845Z" },
    { url = "https://files.pythonhosted.org/packages/ca/38/8cabc3c8ad4c3a02e585ecff12a71ff8e5881f8a00ee71745fd765201da5/ty-0.0.70-py3-none-manylinux_2_17_armv7l.manylinux2014_armv7l.whl", hash = "sha256:c1ee6bf4edaabf7bd0307f0c0f9ddc2204df0390820fe89f6a9de65f07722aba", size = 12308114, upload-time = "2026-08-10T23:19:54.229Z" },
    { url = "https://files.pythonhosted.org/packages/44/7e/bb4e552ecd68bb490bae9368ef323e3d0c79ef85a811857139a2d0f59ddb/ty-0.0.70-py3-none-manylinux_2_17_i686.manylinux2014_i686.whl", hash = "sha256:5eef3e11d7d6b800ef66da0cce8ea24f8be804d1ebf359683426cfe848729bf8", size = 13072240, upload-time = "2026-08-10T23:19:56.872Z" },
    { url = "https://files.pythonhosted.org/packages/f6/c4/1861e1d554e5b6e0d11b3a9f36d40c372253f44a3c4e56ad4bf840f2801e/ty-0.0.70-py3-none-manylinux_2_17_ppc64le.manylinux2014_ppc64le.whl", hash = "sha256:a95e4ae7c2599197c9d89652e49ca344ab224f7d12376e6ad8beb0587e8ff83f", size = 13497678, upload-time = "2026-08-10T23:19:59.191Z" },
    { url = "https://files.pythonhosted.org/packages/77/22/3b22442133e8f641485e59e463a070a31184db0d6456851f871db8f59763/ty-0.0.70-py3-none-manylinux_2_17_s390x.manylinux2014_s390x.whl", hash = "sha256:06aca758d1e0016c0a1f57fe9d8de7a21ff83f692306f747a0d97f32de24e27f", size = 13232510, upload-time = "2026-08-10T23:20:01.456Z" },
    { url = "https://files.pythonhosted.org/packages/84/b8/911f1e6885b5485b6e1d29aaab19ce5e6deeb3e931b6ad82296da4f22051/ty-0.0.70-py3-none-manylinux_2_17_x86_64.manylinux2014_x86_64.whl", hash = "sha256:d81825524f1b57ecbcb5fce7d61fb159cb4837a6167a4569309c9fa7fc15a77d", size = 12817128, upload-time = "2026-08-10T23:20:04.275Z" },
    { url = "https://files.pythonhosted.org/packages/e6/a6/9affc3ca11c32d75b348a66144ab83335fa7fa7100b1581356725e15a668/ty-0.0.70-py3-none-manylinux_2_31_riscv64.whl", hash = "sha256:3287dfb09f7320ef28f114f5f9aae5f697b7b1a6ee37fb2a4a3be94481c1b4f8", size = 13089208, upload-time = "2026-08-10T23:20:06.574Z" },
    { url = "https://files.pythonhosted.org/packages/f0/cb/4776108ea08ec4013b71375b101be9c8a632967cd10f24abbdd4664d66f4/ty-0.0.70-py3-none-musllinux_1_2_aarch64.whl", hash = "sha256:9fb1877f6401cdaac4db46c5bf762f327482ba5f891420ea462ebd15d0de4185", size = 12148890, upload-time = "2026-08-10T23:20:08.827Z" },
    { url = "https://files.pythonhosted.org/packages/c9/d9/814e71f698d9231ef6412bd2c1499d81c6f86f66c2764e952c991e2d6da5/ty-0.0.70-py3-none-musllinux_1_2_armv7l.whl", hash = "sha256:e78f4997dbb0db2d2270210eb3694466206e5b3a11985e24148770e702158a25", size = 12327084, upload-time = "2026-08-10T23:20:11.023Z" },
    { url = "https://files.pythonhosted.org/packages/3b/69/9f34bba534c5d1ace391d300ead4f1971f4348c5459e66dc466cfd60661c/ty-0.0.70-py3-none-musllinux_1_2_i686.whl", hash = "sha256:cf758d3b2dad910c9b1d22d2d62fea894b5bc9acd3c00365e8a73ace6090a452", size = 12604372, upload-time = "2026-08-10T23:20:13.366Z" },
    { url = "https://files.pythonhosted.org/packages/fe/ff/abb34674517b29a8e2489a39c4e01930fcf6aab993a7d6b33aa97f119117/ty-0.0.70-py3-none-musllinux_1_2_x86_64.whl", hash = "sha256:0d338761617279a4fb6a83e7fad7e21126394637b8c45e13e196b2bb675f39b2", size = 12917800, upload-time = "2026-08-10T23:20:15.841Z" },
    { url = "https://files.pythonhosted.org/packages/a4/1a/f8289572f4fad5cb16c883b94638548166bc78cf3eb569f0cd9199eb10a0/ty-0.0.70-py3-none-win32.whl", hash = "sha256:a45642cf09dde91f0a3ce9b9e6fffda9779ff69d73f7347c18acf4fb45007c07", size = 11921482, upload-time = "2026-08-10T23:20:18.244Z" },
    { url = "https://files.pythonhosted.org/packages/17/ae/8739d7618b4670c3ee4f52d641d53be87928bd121d8bda9c0e3450500b75/ty-0.0.70-py3-none-win_amd64.whl", hash = "sha256:33e7941a926cf39b82553911a59a6ed68ec98c3d3d5a415df633f4d1cd051e6c", size = 12986994, upload-time = "2026-08-10T23:20:20.53Z" },
    { url = "https://files.pythonhosted.org/packages/f1/44/2bc3301ba4356ad8866daac9f8cfb3687953e52d076ea204f113b9304c42/ty-0.0.70-py3-none-win_arm64.whl", hash = "sha256:0d380f735d52b1d4b773193f8f5c58c065725eab1ebb0008d38a7b830de14f47", size = 12301082, upload-time = "2026-08-10T23:20:23.816Z" },
]

[[package]]
name = "typing-extensions"
version = "4.16.0"
source = { registry = "https://pypi.org/simple" }
sdist = { url = "https://files.pythonhosted.org/packages/f6/cc/6253133b5bb138fc3306cebfbda2c520f545d36b5be2c7255cc528bb45d6/typing_extensions-4.16.0.tar.gz", hash = "sha256:dc983d19a509c94dba722ee6abd33940f7c05a89e243c47e907eb4db6f1a43e5", size = 113555, upload-time = "2026-07-02T08:40:05.92Z" }
wheels = [
    { url = "https://files.pythonhosted.org/packages/49/d3/b8441a820a491ddfc024b0b0cf0393375b75ea13866d9c66727e54c2fc80/typing_extensions-4.16.0-py3-none-any.whl", hash = "sha256:481caa481374e813c1b176ada14e97f1f67a4539ce9cfeb3f350d78d6370c2e8", size = 45571, upload-time = "2026-07-02T08:40:04.659Z" },
]
