version = 1
revision = 3
requires-python = ">=3.15"

[[package]]
name = "cloudpickle"
version = "3.1.2"
source = { registry = "https://pypi.org/simple" }
sdist = { url = "https://files.pythonhosted.org/packages/27/fb/576f067976d320f5f0114a8d9fa1215425441bb35627b1993e5afd8111e5/cloudpickle-3.1.2.tar.gz", hash = "sha256:7fda9eb655c9c230dab534f1983763de5835249750e85fbcef43aaa30a9a2414", size = 22330, upload-time = "2025-11-03T09:25:26.604Z" }
wheels = [
    { url = "https://files.pythonhosted.org/packages/88/39/799be3f2f0f38cc727ee3b4f1445fe6d5e4133064ec2e4115069418a5bb6/cloudpickle-3.1.2-py3-none-any.whl", hash = "sha256:9acb47f6afd73f60dc1df93bb801b472f05ff42fa6c84167d25cb206be1fbf4a", size = 22228, upload-time = "2025-11-03T09:25:25.534Z" },
]

[[package]]
name = "codespell"
version = "2.4.3"
source = { registry = "https://pypi.org/simple" }
sdist = { url = "https://files.pythonhosted.org/packages/80/19/45e941380f69c042b43423513d201e6592346f992394347f5e7174c31407/codespell-2.4.3.tar.gz", hash = "sha256:cbe085e331227b37bb86ef8bddd08dc768c704ee9a07ca869852c093fa2793e2", size = 352773, upload-time = "2026-07-15T11:51:54.159Z" }
wheels = [
    { url = "https://files.pythonhosted.org/packages/8b/bf/bdb951d34eb169140b546f44be9ec4525d1acefb9eb5572071f5492b19fc/codespell-2.4.3-py3-none-any.whl", hash = "sha256:af2505b335e8573dbd2d384d1c4ef498f4006f4ba2d6fceca01e55b91f52628a", size = 340736, upload-time = "2026-07-15T11:51:52.925Z" },
]

[[package]]
name = "colorama"
version = "0.4.6"
source = { registry = "https://pypi.org/simple" }
sdist = { url = "https://files.pythonhosted.org/packages/d8/53/6f443c9a4a8358a93a6792e2acffb9d9d5cb0a5cfd8802644b7b1c9a02e4/colorama-0.4.6.tar.gz", hash = "sha256:08695f5cb7ed6e0531a20572697297273c47b8cae5a63ffc6d6ed5c201be6e44", size = 27697, upload-time = "2022-10-25T02:36:22.414Z" }
wheels = [
    { url = "https://files.pythonhosted.org/packages/d1/d6/3965ed04c63042e047cb6a3e6ed1a63a35087b6a609aa3a15ed8ac56c221/colorama-0.4.6-py2.py3-none-any.whl", hash = "sha256:4f1d9991f5acc0ca119f9d443620b77f9d6b33703e51011c16baf57afb285fc6", size = 25335, upload-time = "2022-10-25T02:36:20.889Z" },
]

[[package]]
name = "execnet"
version = "2.1.2"
source = { registry = "https://pypi.org/simple" }
sdist = { url = "https://files.pythonhosted.org/packages/bf/89/780e11f9588d9e7128a3f87788354c7946a9cbb1401ad38a48c4db9a4f07/execnet-2.1.2.tar.gz", hash = "sha256:63d83bfdd9a23e35b9c6a3261412324f964c2ec8dcd8d3c6916ee9373e0befcd", size = 166622, upload-time = "2025-11-12T09:56:37.75Z" }
wheels = [
    { url = "https://files.pythonhosted.org/packages/ab/84/02fc1827e8cdded4aa65baef11296a9bbe595c474f0d6d758af082d849fd/execnet-2.1.2-py3-none-any.whl", hash = "sha256:67fba928dd5a544b783f6056f449e5e3931a5c378b128bc18501f7ea79e296ec", size = 40708, upload-time = "2025-11-12T09:56:36.333Z" },
]

[[package]]
name = "hypothesis"
version = "6.161.7"
source = { registry = "https://pypi.org/simple" }
dependencies = [
    { name = "sortedcontainers" },
]
sdist = { url = "https://files.pythonhosted.org/packages/ac/10/d7bf280b6fc39caa4357299d0305f34bbd1c6e510219785de34515db7b1f/hypothesis-6.161.7.tar.gz", hash = "sha256:05dfa54c44d5c4a768c9aa8e3126824f8f9aa83f6691706abaf7fc3ee010b053", size = 487497, upload-time = "2026-07-27T18:13:11.914Z" }
wheels = [
    { url = "https://files.pythonhosted.org/packages/aa/bd/bbdd25a4ee085d7e700f9e40192f948ca41c371c568603cb0bdbe6759db7/hypothesis-6.161.7-cp310-abi3-macosx_10_12_x86_64.whl", hash = "sha256:a75701f6f19845179626af0ea01786f420e18e46aa6fe93afc5aff4d2b67deab", size = 767862, upload-time = "2026-07-27T18:12:12.287Z" },
    { url = "https://files.pythonhosted.org/packages/84/85/08bb9aadf4664289cb046ff3cc7aa6d28b67ed53415e3cb3e137a082f62d/hypothesis-6.161.7-cp310-abi3-macosx_11_0_arm64.whl", hash = "sha256:9664c959797c24a94f35a4bfcb1d1a77ae68724511fe51e0773900115e3fab02", size = 763378, upload-time = "2026-07-27T18:13:06.471Z" },
    { url = "https://files.pythonhosted.org/packages/0b/97/cf847612e5c3732c4c8001ced53664bb61276cbcd110798efe8538739deb/hypothesis-6.161.7-cp310-abi3-manylinux_2_17_aarch64.manylinux2014_aarch64.whl", hash = "sha256:95d79e212d050976c876ded605ea940188de27e27795700528b5da83b8083902", size = 1092638, upload-time = "2026-07-27T18:12:54.701Z" },
    { url = "https://files.pythonhosted.org/packages/0b/80/fa8f69b0768732ac13255207125d98b468f64015a88f18a0a51ccfa831e9/hypothesis-6.161.7-cp310-abi3-manylinux_2_17_armv7l.manylinux2014_armv7l.whl", hash = "sha256:647e0ee95c5ac0237652c08a250251d5001bdd96e7f7be50a28ff5ebc428b071", size = 1121253, upload-time = "2026-07-27T18:12:59.623Z" },
    { url = "https://files.pythonhosted.org/packages/b0/c2/4e9ba770f82b1cd623cc50beccba245e94ee48b286b48a78fe0fe534f7b0/hypothesis-6.161.7-cp310-abi3-manylinux_2_17_x86_64.manylinux2014_x86_64.whl", hash = "sha256:b83b15fa73be5768f953fd8c8d184ff8a1378c8fa7fb46b8bfa73cd863b2cc12", size = 1142124, upload-time = "2026-07-27T18:12:56.313Z" },
    { url = "https://files.pythonhosted.org/packages/74/bf/51d66793266370f88a6466f8c7de649e7e8cd508cf35c4190f5aeb77511a/hypothesis-6.161.7-cp310-abi3-manylinux_2_31_riscv64.whl", hash = "sha256:ca577107d26cf4bf3fc10d0cee6717e3f4449108a040fed9f88bc2e5f289c08f", size = 1097466, upload-time = "2026-07-27T18:12:08.455Z" },
    { url = "https://files.pythonhosted.org/packages/a6/8c/80d851c4d974df44e689e3e15f9ff36e215f7bdc2788d03f9907f3c81d76/hypothesis-6.161.7-cp310-abi3-manylinux_2_5_i686.manylinux1_i686.whl", hash = "sha256:c2843a0477d4c9707781bf850759638a9d7e8534733199c03328831ae0e10ef3", size = 1134251, upload-time = "2026-07-27T18:12:10.926Z" },
    { url = "https://files.pythonhosted.org/packages/40/47/a3d220a4696c7039ccb56f2f6404e31b159fe498667ee04fae7615aaf9b4/hypothesis-6.161.7-cp310-abi3-musllinux_1_2_aarch64.whl", hash = "sha256:ad1024dca7884d536f755238675ae482021fbaa22525fdfc31ee7729109a1a51", size = 1266462, upload-time = "2026-07-27T18:11:51.72Z" },
    { url = "https://files.pythonhosted.org/packages/7c/fd/d9945a0c7d8a4cd4fff4c20c39d9652d45725c48f9f9b2818f3ff8a4c7b6/hypothesis-6.161.7-cp310-abi3-musllinux_1_2_armv7l.whl", hash = "sha256:87b8610c6ddde10918609b465ea658d8fac83c854c78c8d2e7fd9a7088bcc1ec", size = 1394301, upload-time = "2026-07-27T18:12:13.581Z" },
    { url = "https://files.pythonhosted.org/packages/ba/6c/6ed67369b325db449b07a86c6dc41f5b9f1eced90e26b1da3b53d21e9a78/hypothesis-6.161.7-cp310-abi3-musllinux_1_2_riscv64.whl", hash = "sha256:f72e92ce35bb1634d7677527e76c82f5f184967375f339d4454332be1b3919c7", size = 1266937, upload-time = "2026-07-27T18:12:23.917Z" },
    { url = "https://files.pythonhosted.org/packages/db/5a/5ad9a68c8501a6a84bb3dca340dedb7ca01d4cd66bd3156a2942fe197dd2/hypothesis-6.161.7-cp310-abi3-musllinux_1_2_x86_64.whl", hash = "sha256:16789501937edecee94c74e55b18f2f8853bff14bb875a7ba2b77eb5a235a761", size = 1309133, upload-time = "2026-07-27T18:12:04.441Z" },
    { url = "https://files.pythonhosted.org/packages/e3/fa/ee67ecd25842a09f102885750bb7b2793a38abfd10423e266fb7c7b5cbed/hypothesis-6.161.7-cp310-abi3-win32.whl", hash = "sha256:10fd14c455bc31a6efc81f611a67f247fe5e0d864db36f6e32edef91b67191f2", size = 653681, upload-time = "2026-07-27T18:12:40.628Z" },
    { url = "https://files.pythonhosted.org/packages/b9/5d/35a5950ad1003625dac50ee37c9978c05359e0e9be2ed95aa8d4d6635aa5/hypothesis-6.161.7-cp310-abi3-win_amd64.whl", hash = "sha256:df83beb4fc030e73741f5720dde19a887c1d8b947209d9995d9f0427cc0c25c1", size = 659809, upload-time = "2026-07-27T18:12:21.074Z" },
]

[[package]]
name = "iniconfig"
version = "2.3.0"
source = { registry = "https://pypi.org/simple" }
sdist = { url = "https://files.pythonhosted.org/packages/72/34/14ca021ce8e5dfedc35312d08ba8bf51fdd999c576889fc2c24cb97f4f10/iniconfig-2.3.0.tar.gz", hash = "sha256:c76315c77db068650d49c5b56314774a7804df16fee4402c1f19d6d15d8c4730", size = 20503, upload-time = "2025-10-18T21:55:43.219Z" }
wheels = [
    { url = "https://files.pythonhosted.org/packages/cb/b1/3846dd7f199d53cb17f49cba7e651e9ce294d8497c8c150530ed11865bb8/iniconfig-2.3.0-py3-none-any.whl", hash = "sha256:f631c04d2c48c52b84d0d0549c99ff3859c98df65b3101406327ecc7d53fbf12", size = 7484, upload-time = "2025-10-18T21:55:41.639Z" },
]

[[package]]
name = "packaging"
version = "26.2"
source = { registry = "https://pypi.org/simple" }
sdist = { url = "https://files.pythonhosted.org/packages/d7/f1/e7a6dd94a8d4a5626c03e4e99c87f241ba9e350cd9e6d75123f992427270/packaging-26.2.tar.gz", hash = "sha256:ff452ff5a3e828ce110190feff1178bb1f2ea2281fa2075aadb987c2fb221661", size = 228134, upload-time = "2026-04-24T20:15:23.917Z" }
wheels = [
    { url = "https://files.pythonhosted.org/packages/df/b2/87e62e8c3e2f4b32e5fe99e0b86d576da1312593b39f47d8ceef365e95ed/packaging-26.2-py3-none-any.whl", hash = "sha256:5fc45236b9446107ff2415ce77c807cee2862cb6fac22b8a73826d0693b0980e", size = 100195, upload-time = "2026-04-24T20:15:22.081Z" },
]

[[package]]
name = "pluggy"
version = "1.6.0"
source = { registry = "https://pypi.org/simple" }
sdist = { url = "https://files.pythonhosted.org/packages/f9/e2/3e91f31a7d2b083fe6ef3fa267035b518369d9511ffab804f839851d2779/pluggy-1.6.0.tar.gz", hash = "sha256:7dcc130b76258d33b90f61b658791dede3486c3e6bfb003ee5c9bfb396dd22f3", size = 69412, upload-time = "2025-05-15T12:30:07.975Z" }
wheels = [
    { url = "https://files.pythonhosted.org/packages/54/20/4d324d65cc6d9205fabedc306948156824eb9f0ee1633355a8f7ec5c66bf/pluggy-1.6.0-py3-none-any.whl", hash = "sha256:e920276dd6813095e9377c0bc5566d94c932c33b27a3e3945d8389c374dd4746", size = 20538, upload-time = "2025-05-15T12:30:06.134Z" },
]

[[package]]
name = "pygments"
version = "2.20.0"
source = { registry = "https://pypi.org/simple" }
sdist = { url = "https://files.pythonhosted.org/packages/c3/b2/bc9c9196916376152d655522fdcebac55e66de6603a76a02bca1b6414f6c/pygments-2.20.0.tar.gz", hash = "sha256:6757cd03768053ff99f3039c1a36d6c0aa0b263438fcab17520b30a303a82b5f", size = 4955991, upload-time = "2026-03-29T13:29:33.898Z" }
wheels = [
    { url = "https://files.pythonhosted.org/packages/f4/7e/a72dd26f3b0f4f2bf1dd8923c85f7ceb43172af56d63c7383eb62b332364/pygments-2.20.0-py3-none-any.whl", hash = "sha256:81a9e26dd42fd28a23a2d169d86d7ac03b46e2f8b59ed4698fb4785f946d0176", size = 1231151, upload-time = "2026-03-29T13:29:30.038Z" },
]

[[package]]
name = "pyspellchecker"
version = "0.9.0"
source = { registry = "https://pypi.org/simple" }
sdist = { url = "https://files.pythonhosted.org/packages/b9/70/58443d052adb868fee9fafb26553d482f2cc4d7c5ed5bb46846a7ce62a01/pyspellchecker-0.9.0.tar.gz", hash = "sha256:eb1a594161c84a4e67df7db1c269a3392a645bd50e4c82e1298892db0cdb0965", size = 7239784, upload-time = "2026-03-07T17:14:53.219Z" }
wheels = [
    { url = "https://files.pythonhosted.org/packages/11/70/df4b8816f5e1aa8b46fbc2b1d104d8f5bc13ec92fb69310b35bc56ea7260/pyspellchecker-0.9.0-py3-none-any.whl", hash = "sha256:97eaed776e0854f69aafb723f6962b403099e50c9a1d9c05525c819f4b0f5d54", size = 7237077, upload-time = "2026-03-07T17:14:51.444Z" },
]

[[package]]
name = "pytest"
version = "9.1.1"
source = { registry = "https://pypi.org/simple" }
dependencies = [
    { name = "colorama", marker = "sys_platform == 'win32'" },
    { name = "iniconfig" },
    { name = "packaging" },
    { name = "pluggy" },
    { name = "pygments" },
]
sdist = { url = "https://files.pythonhosted.org/packages/e4/47/b9efed96c114afcfa3c9d3fe98a76a1d14c74a9e266d397cf6eb64be5e01/pytest-9.1.1.tar.gz", hash = "sha256:1088fbde8f2b49d95a549a195707afa7a76a3ce9bcadc26b6d71f0ffda5fe313", size = 1636369, upload-time = "2026-06-19T10:58:32.857Z" }
wheels = [
    { url = "https://files.pythonhosted.org/packages/24/25/1de2678b631f5a49215c6c96fff41ba892b0a34df68d6d80292b1b48aa7f/pytest-9.1.1-py3-none-any.whl", hash = "sha256:37a86b45efb9a47a61a36449063e8e18d0cab3161329fc099eb21783169c4f0c", size = 386536, upload-time = "2026-06-19T10:58:31.347Z" },
]

[[package]]
name = "pytest-xdist"
version = "3.8.0"
source = { registry = "https://pypi.org/simple" }
dependencies = [
    { name = "execnet" },
    { name = "pytest" },
]
sdist = { url = "https://files.pythonhosted.org/packages/78/b4/439b179d1ff526791eb921115fca8e44e596a13efeda518b9d845a619450/pytest_xdist-3.8.0.tar.gz", hash = "sha256:7e578125ec9bc6050861aa93f2d59f1d8d085595d6551c2c90b6f4fad8d3a9f1", size = 88069, upload-time = "2025-07-01T13:30:59.346Z" }
wheels = [
    { url = "https://files.pythonhosted.org/packages/ca/31/d4e37e9e550c2b92a9cbc2e4d0b7420a27224968580b5a447f420847c975/pytest_xdist-3.8.0-py3-none-any.whl", hash = "sha256:202ca578cfeb7370784a8c33d6d05bc6e13b4f25b5053c30a152269fd10f0b88", size = 46396, upload-time = "2025-07-01T13:30:56.632Z" },
]

[[package]]
name = "ruff"
version = "0.16.0"
source = { registry = "https://pypi.org/simple" }
sdist = { url = "https://files.pythonhosted.org/packages/4d/94/1e5e4967626faf12fa56999cd6222dff6992ceb086ad7945756baf70c7a7/ruff-0.16.0.tar.gz", hash = "sha256:e460aafd5495ec89efaa6ced2e4a9a581116451e1c88b9d37ef497e0f8e93982", size = 4790557, upload-time = "2026-07-23T19:11:30.981Z" }
wheels = [
    { url = "https://files.pythonhosted.org/packages/4b/81/1c8818fee7ce1a04cd7d1b3172e0a8f8e4f1dc4feb7fc390e16daa8af323/ruff-0.16.0-py3-none-linux_armv6l.whl", hash = "sha256:e5115729eb08c585e5121978ba5d5b60caeae394ce21b9fb5e6cd33a1c6c9b1e", size = 10754633, upload-time = "2026-07-23T19:10:46.415Z" },
    { url = "https://files.pythonhosted.org/packages/23/df/beaf59c09d68db84304d555f188b276a77132a5d5b0b67a5c762aa143628/ruff-0.16.0-py3-none-macosx_10_12_x86_64.whl", hash = "sha256:3c954b1d580bfa035b41654f7858cc7e71d5fc3ac5b723dd62bd9133830ed522", size = 10969164, upload-time = "2026-07-23T19:10:50.271Z" },
    { url = "https://files.pythonhosted.org/packages/42/ce/741cd197496a1abbf51352710fd15ed995d2a2be87189c1da26a450d6e83/ruff-0.16.0-py3-none-macosx_11_0_arm64.whl", hash = "sha256:e01c21d10eb1b29f47b7454e1f4056db9a3f0260c646aa88457c610291db9f81", size = 10488846, upload-time = "2026-07-23T19:10:52.639Z" },
    { url = "https://files.pythonhosted.org/packages/52/2a/a2db8e88cade358f5cdcb05674a917751074109315d014eb6352d9a893f7/ruff-0.16.0-py3-none-manylinux_2_17_aarch64.manylinux2014_aarch64.whl", hash = "sha256:6e364e5ed22ed8dc05082fd78e35308618260907ac2d3c1d637b2e682415b6c9", size = 10889729, upload-time = "2026-07-23T19:10:54.89Z" },
    { url = "https://files.pythonhosted.org/packages/42/65/62a771694ebd63029dc953e27dbad40e1588bd4860ff9fe881018fddaa49/ruff-0.16.0-py3-none-manylinux_2_17_armv7l.manylinux2014_armv7l.whl", hash = "sha256:d327b8fc113a1d4421a04f3839d3752057c8dd1ee320223a6f3f52d04ada462a", size = 10568275, upload-time = "2026-07-23T19:10:56.993Z" },
    { url = "https://files.pythonhosted.org/packages/3f/e2/ced249fe8af5f086c5c58cc21cc3356d50f32f7401c5df87050c999620a7/ruff-0.16.0-py3-none-manylinux_2_17_i686.manylinux2014_i686.whl", hash = "sha256:a9b50c55e263103586b3dcf5f73d479eb8cb5fdb6098fec59a62891dab653717", size = 11385112, upload-time = "2026-07-23T19:10:59.615Z" },
    { url = "https://files.pythonhosted.org/packages/87/0b/05154977a8fd69eeb6c103271f55403bfd8711f5c0f8ed07489d95a504e7/ruff-0.16.0-py3-none-manylinux_2_17_ppc64le.manylinux2014_ppc64le.whl", hash = "sha256:0ff4a79ce3ec0172f3241943835de1c4cb4e2dcd07f0f8c2d02603dbbbee4b17", size = 12207008, upload-time = "2026-07-23T19:11:02.154Z" },
    { url = "https://files.pythonhosted.org/packages/fb/29/98225831a3a1eab0e02f4acc6ca6559a98611dcc68b6965ff4b7234627c1/ruff-0.16.0-py3-none-manylinux_2_17_s390x.manylinux2014_s390x.whl", hash = "sha256:e95c448fca1fb2a18372a9440926c5a6ee789639bb975c72e7ae6d0b04218ab4", size = 11650842, upload-time = "2026-07-23T19:11:04.557Z" },
    { url = "https://files.pythonhosted.org/packages/91/66/6bd3cf90500653d55dc0ffc8507aa8300bd49d0214b2e8cb4d3fef2943ba/ruff-0.16.0-py3-none-manylinux_2_17_x86_64.manylinux2014_x86_64.whl", hash = "sha256:4f11a8d11010301d0a398a2fdef67691feca7294da6aef55e2150e8fa2cd520b", size = 11400718, upload-time = "2026-07-23T19:11:09.233Z" },
    { url = "https://files.pythonhosted.org/packages/8e/a2/a54eb4eae05d66364050a5d3b8a9c5ef88196531b3cbe7109d873f87f819/ruff-0.16.0-py3-none-manylinux_2_31_riscv64.whl", hash = "sha256:48044c678e9cb8698246c99b14aaccfa6601dea7379eb48a6f8f73f7a6d86cd0", size = 11426177, upload-time = "2026-07-23T19:11:11.994Z" },
    { url = "https://files.pythonhosted.org/packages/1a/be/16e3eea4b2a478a496919f5e36f17c4559e54620bd3bbac5d6affa068006/ruff-0.16.0-py3-none-musllinux_1_2_aarch64.whl", hash = "sha256:7aa0959bad8eb8bef50340154fc9b58678dae31fa4293afa38b44b6e552c0213", size = 10856126, upload-time = "2026-07-23T19:11:14.221Z" },
    { url = "https://files.pythonhosted.org/packages/a2/84/252eb8b868a16eec7257c14f504f77537e734b2d69c762e639e588e304a3/ruff-0.16.0-py3-none-musllinux_1_2_armv7l.whl", hash = "sha256:28ea2b7df8ebf7f9da6b7d47b230ab48f387c0a29be3b474c4d0740e197bb9af", size = 10571208, upload-time = "2026-07-23T19:11:16.378Z" },
    { url = "https://files.pythonhosted.org/packages/21/09/817a482f542f7570cbb4554b26e896610c7114f539b1d9e2d2145bf6bef6/ruff-0.16.0-py3-none-musllinux_1_2_i686.whl", hash = "sha256:33a3dfac8c35f81498dea9181bccc2f4c4bc8f1521a1dd9406e77643e0f0fb09", size = 11063329, upload-time = "2026-07-23T19:11:19.173Z" },
    { url = "https://files.pythonhosted.org/packages/2e/23/9403c180ca1cb9b1f7335f5c3e5305c09d49ea5b345196682a36028bde4a/ruff-0.16.0-py3-none-musllinux_1_2_x86_64.whl", hash = "sha256:a5237a0bda500d30d81b8e07a6973a5cbc772864cbf746ae2f4e8a2e01c9f4ed", size = 11489751, upload-time = "2026-07-23T19:11:21.74Z" },
    { url = "https://files.pythonhosted.org/packages/b2/1d/1b2ef7bcde851c78d7f17f1cca13fd6dc695fc4b3d6197941e72cae5b132/ruff-0.16.0-py3-none-win32.whl", hash = "sha256:7fab76fa065c873f41ff744347c6e77bcc3dfec4bcc754dc26b63d23c0f7f5fb", size = 10785885, upload-time = "2026-07-23T19:11:23.947Z" },
    { url = "https://files.pythonhosted.org/packages/b2/a3/d5e4ef7a56be3f928ffb90b94c25ba7d3cb9c7fe0736aeaaedf361770712/ruff-0.16.0-py3-none-win_amd64.whl", hash = "sha256:429c117f022bf481fabd9d551e7a3952b24c65e6ef44337ea09d90bebef14472", size = 11923141, upload-time = "2026-07-23T19:11:26.409Z" },
    { url = "https://files.pythonhosted.org/packages/cb/9a/8415f2657cbe200f41a4531ccededf135505a92d4a012229121f885b26f9/ruff-0.16.0-py3-none-win_arm64.whl", hash = "sha256:14296fedcd2705c77ab8235439278bbb38f285cf7da5528b00b3e330c3d4872d", size = 11273407, upload-time = "2026-07-23T19:11:28.705Z" },
]

[[package]]
name = "sortedcontainers"
version = "2.4.0"
source = { registry = "https://pypi.org/simple" }
sdist = { url = "https://files.pythonhosted.org/packages/e8/c4/ba2f8066cceb6f23394729afe52f3bf7adec04bf9ed2c820b39e19299111/sortedcontainers-2.4.0.tar.gz", hash = "sha256:25caa5a06cc30b6b83d11423433f65d1f9d76c4c6a0c90e3379eaa43b9bfdb88", size = 30594, upload-time = "2021-05-16T22:03:42.897Z" }
wheels = [
    { url = "https://files.pythonhosted.org/packages/32/46/9cb0e58b2deb7f82b84065f37f3bffeb12413f947f9388e4cac22c4621ce/sortedcontainers-2.4.0-py2.py3-none-any.whl", hash = "sha256:a163dcaede0f1c021485e957a39245190e74249897e2ae4b2aa38595db237ee0", size = 29575, upload-time = "2021-05-16T22:03:41.177Z" },
]

[[package]]
name = "stateless"
version = "0.6.1"
source = { registry = "https://pypi.org/simple" }
dependencies = [
    { name = "cloudpickle" },
    { name = "typing-extensions" },
]
sdist = { url = "https://files.pythonhosted.org/packages/7f/54/e5f8d6d30a7ce5cf1978a46b15c470650520ddc16f720b7bc7888321175a/stateless-0.6.1.tar.gz", hash = "sha256:42ac189f571ad4677d0fc1b40888800c6fd1416d00b1a2aebe90e07a5b459139", size = 47489, upload-time = "2025-11-11T13:42:48.696Z" }
wheels = [
    { url = "https://files.pythonhosted.org/packages/79/ec/c134f9e7e28274c76253d104c93c6195c3d68cad7b7c4f9bd828aac529cd/stateless-0.6.1-py3-none-any.whl", hash = "sha256:2676f879b60fcedb404bdf898d32fb2e380e1aea03433f84df1ae4c6ec663d0d", size = 22287, upload-time = "2025-11-11T13:42:47.541Z" },
]

[[package]]
name = "thinking-in-python"
version = "0"
source = { virtual = "." }

[package.dev-dependencies]
dev = [
    { name = "codespell" },
    { name = "hypothesis" },
    { name = "pyspellchecker" },
    { name = "pytest" },
    { name = "pytest-xdist" },
    { name = "ruff" },
    { name = "stateless" },
    { name = "time-machine" },
    { name = "ty" },
]

[package.metadata]

[package.metadata.requires-dev]
dev = [
    { name = "codespell", specifier = ">=2.4.2" },
    { name = "hypothesis", specifier = ">=6.155.7" },
    { name = "pyspellchecker" },
    { name = "pytest" },
    { name = "pytest-xdist" },
    { name = "ruff" },
    { name = "stateless", specifier = ">=0.6.1" },
    { name = "time-machine" },
    { name = "ty" },
]

[[package]]
name = "time-machine"
version = "3.2.0"
source = { registry = "https://pypi.org/simple" }
sdist = { url = "https://files.pythonhosted.org/packages/02/fc/37b02f6094dbb1f851145330460532176ed2f1dc70511a35828166c41e52/time_machine-3.2.0.tar.gz", hash = "sha256:a4ddd1cea17b8950e462d1805a42b20c81eb9aafc8f66b392dd5ce997e037d79", size = 14804, upload-time = "2025-12-17T23:33:02.599Z" }

[[package]]
name = "ty"
version = "0.0.63"
source = { registry = "https://pypi.org/simple" }
sdist = { url = "https://files.pythonhosted.org/packages/ba/ce/cbeaa5c7576fec643609dfbf200d59493523b1cc0481d4e7a5effcbf0630/ty-0.0.63.tar.gz", hash = "sha256:c2f66439393b3acac69306c117d4ae44638ce5fffa4a20c21046e85bd473359f", size = 6280695, upload-time = "2026-07-23T11:41:39.845Z" }
wheels = [
    { url = "https://files.pythonhosted.org/packages/1a/e4/d17a8e113ab15c692fe6fb9c422112d4bee7e829d80ced35826b45d98d98/ty-0.0.63-py3-none-linux_armv6l.whl", hash = "sha256:9a4ef7782e3af314fb63d006bec5ac3025bd70fee774b4dcfb5e44e8564f1994", size = 12056302, upload-time = "2026-07-23T11:41:03.5Z" },
    { url = "https://files.pythonhosted.org/packages/be/0b/357234c815dc4bfcc88c3f860aa0983fe4228c8aa2a5bb16c35ee08a94af/ty-0.0.63-py3-none-macosx_10_12_x86_64.whl", hash = "sha256:01eab0ab70d51ad10298aa2d4b058b387a1fe93e5ee52d2a1ee23e9c69ba8354", size = 11737674, upload-time = "2026-07-23T11:41:05.862Z" },
    { url = "https://files.pythonhosted.org/packages/1c/13/193d9aeeb6774690351cff9fafabd3ae9b54cc225d125e07fa004ce23bdc/ty-0.0.63-py3-none-macosx_11_0_arm64.whl", hash = "sha256:a671b61eaad16178389e05b9c108c9cb75ae8d84968fe55906484f55d6268338", size = 11264191, upload-time = "2026-07-23T11:41:07.963Z" },
    { url = "https://files.pythonhosted.org/packages/4f/b7/c5843e16759a2b25fc8a7197473474038e585ac9fdaa6fa16aeb6384bf6a/ty-0.0.63-py3-none-manylinux_2_17_aarch64.manylinux2014_aarch64.whl", hash = "sha256:b255cc83d95c51bb9ee4931303fdbece8cb1d6d7c655eb77a3f2c8f349fb64d6", size = 11818890, upload-time = "2026-07-23T11:41:09.885Z" },
    { url = "https://files.pythonhosted.org/packages/06/20/adf83ae1fc570d9bb449605e1eeeaa523ad2329ca838a636698b5c135d11/ty-0.0.63-py3-none-manylinux_2_17_armv7l.manylinux2014_armv7l.whl", hash = "sha256:0da1e8183aa4f893421a173904478021498f542ee41273660538da6649a9631c", size = 11853141, upload-time = "2026-07-23T11:41:12.151Z" },
    { url = "https://files.pythonhosted.org/packages/ea/90/f8effd846e3ee13486ea08257c13094d58b9f188c5641bf609d6a7d5c09f/ty-0.0.63-py3-none-manylinux_2_17_i686.manylinux2014_i686.whl", hash = "sha256:128f38eb5a67199e3811426386f7ec96f41251ddf45e04ddc0bcbb29d4853245", size = 12545184, upload-time = "2026-07-23T11:41:14.4Z" },
    { url = "https://files.pythonhosted.org/packages/b8/76/aac3a30d40431eb1d329acea016b248f5b6255e30ef3d28e19447e344be2/ty-0.0.63-py3-none-manylinux_2_17_ppc64le.manylinux2014_ppc64le.whl", hash = "sha256:bedf34aff8b0557f2a7119b314a68a9c9e58c1d21554d0e2748f2c5fe6a1f638", size = 13062375, upload-time = "2026-07-23T11:41:16.441Z" },
    { url = "https://files.pythonhosted.org/packages/62/3d/0158733932893e17f6008dadd74c8d7aed422fefc66e47fe77888014fe8c/ty-0.0.63-py3-none-manylinux_2_17_s390x.manylinux2014_s390x.whl", hash = "sha256:7328d63c34587606dce02935a25404f54cd0161bfe413b8f7fc21d174aead612", size = 12619461, upload-time = "2026-07-23T11:41:18.538Z" },
    { url = "https://files.pythonhosted.org/packages/f5/be/e280ad095b050778f16f493d49a073fa5f6d8f301d3e2e59be6a672ba05c/ty-0.0.63-py3-none-manylinux_2_17_x86_64.manylinux2014_x86_64.whl", hash = "sha256:504c4457f3a62afe836c1f26a2c9a12549299095f9cc4146778558df51a7515c", size = 12376402, upload-time = "2026-07-23T11:41:20.482Z" },
    { url = "https://files.pythonhosted.org/packages/57/57/619788bf335cb86b090470b557ae1eed33613dc24e12142505d32b462e58/ty-0.0.63-py3-none-manylinux_2_31_riscv64.whl", hash = "sha256:7394ed39424b027c89d5f0c818871c791e33958b88f5bb13e14bd4a12a3ca631", size = 12671377, upload-time = "2026-07-23T11:41:22.489Z" },
    { url = "https://files.pythonhosted.org/packages/07/a2/0aff2cdd3c98e2c4729337542b8da0ce1980790e1600e0c4a717a1f46293/ty-0.0.63-py3-none-musllinux_1_2_aarch64.whl", hash = "sha256:94c3f155230490f8fb505911655e940c630c25cc0c35a76690cb413254fb4437", size = 11768090, upload-time = "2026-07-23T11:41:24.558Z" },
    { url = "https://files.pythonhosted.org/packages/43/4a/cdb5f1d26154144dfee08e1bd671daf827238170f7cee9dad43990bb2016/ty-0.0.63-py3-none-musllinux_1_2_armv7l.whl", hash = "sha256:c16e1d8b4f0ae99106d5f13a894034a202baf6cdab61e2bb1a239de82904f839", size = 11867747, upload-time = "2026-07-23T11:41:26.794Z" },
    { url = "https://files.pythonhosted.org/packages/7e/26/ecc09ecb70bc9fbfdf42fa57ff29568f173e8200df575a0d72dc2b8486f9/ty-0.0.63-py3-none-musllinux_1_2_i686.whl", hash = "sha256:b66293dad89eaed4b9fbf3b661614dbeb85b59ba037178a3f9a0adedf264da5c", size = 12120000, upload-time = "2026-07-23T11:41:28.731Z" },
    { url = "https://files.pythonhosted.org/packages/14/07/862822f9c2c397785b69b25cf79b4dfc3c0d55684b9adf11ac194450f8e1/ty-0.0.63-py3-none-musllinux_1_2_x86_64.whl", hash = "sha256:8b29cc832e2ec73502c97dd7325d6ae0e085b34a33529a0f785192317d9862fc", size = 12477862, upload-time = "2026-07-23T11:41:30.847Z" },
    { url = "https://files.pythonhosted.org/packages/d0/c2/50b08b641578d6f48e8aa28a91d0de32c91aa24dd926ed199e8afd2d37ea/ty-0.0.63-py3-none-win32.whl", hash = "sha256:f0a8fbfd1f990c0c5d85cce018d438969ac79e49247e2192c9745394bb7d17ab", size = 11433155, upload-time = "2026-07-23T11:41:33.28Z" },
    { url = "https://files.pythonhosted.org/packages/92/2d/d422a5568f0d1f317186be22241288dc6e08b71dc24aca223f22038ac2d2/ty-0.0.63-py3-none-win_amd64.whl", hash = "sha256:2aa2370bdd6f42e9f37518c812379bef70b9162f9e5aad511495229b0b71cb93", size = 12450036, upload-time = "2026-07-23T11:41:35.559Z" },
    { url = "https://files.pythonhosted.org/packages/35/97/2c9748e28ead0650c7ad3e5f74f178832ceabd7cb5c272a882f29eb32ee4/ty-0.0.63-py3-none-win_arm64.whl", hash = "sha256:95ac1a62162c3c7ac204731e95ebf766d62a46a7bfa238a6acbe923fcb772cb1", size = 11826243, upload-time = "2026-07-23T11:41:37.749Z" },
]

[[package]]
name = "typing-extensions"
version = "4.16.0"
source = { registry = "https://pypi.org/simple" }
sdist = { url = "https://files.pythonhosted.org/packages/f6/cc/6253133b5bb138fc3306cebfbda2c520f545d36b5be2c7255cc528bb45d6/typing_extensions-4.16.0.tar.gz", hash = "sha256:dc983d19a509c94dba722ee6abd33940f7c05a89e243c47e907eb4db6f1a43e5", size = 113555, upload-time = "2026-07-02T08:40:05.92Z" }
wheels = [
    { url = "https://files.pythonhosted.org/packages/49/d3/b8441a820a491ddfc024b0b0cf0393375b75ea13866d9c66727e54c2fc80/typing_extensions-4.16.0-py3-none-any.whl", hash = "sha256:481caa481374e813c1b176ada14e97f1f67a4539ce9cfeb3f350d78d6370c2e8", size = 45571, upload-time = "2026-07-02T08:40:04.659Z" },
]
